{
  "version": 4,
  "terraform_version": "1.12.1",
  "serial": 89,
  "lineage": "f867959f-1c20-5657-1bcd-777cb1dec144",
  "outputs": {
    "repositories": {
      "value": {
        "gitops": {
          "full_name": "monkescience/gitops",
          "html_url": "https://github.com/monkescience/gitops",
          "name": "gitops"
        },
        "gitops-local": {
          "full_name": "monkescience/gitops-local",
          "html_url": "https://github.com/monkescience/gitops-local",
          "name": "gitops-local"
        },
        "gitops-mixin": {
          "full_name": "monkescience/gitops-mixin",
          "html_url": "https://github.com/monkescience/gitops-mixin",
          "name": "gitops-mixin"
        },
        "homebrew-tap": {
          "full_name": "monkescience/homebrew-tap",
          "html_url": "https://github.com/monkescience/homebrew-tap",
          "name": "homebrew-tap"
        },
        "iac": {
          "full_name": "monkescience/iac",
          "html_url": "https://github.com/monkescience/iac",
          "name": "iac"
        },
        "iac-github": {
          "full_name": "monkescience/iac-github",
          "html_url": "https://github.com/monkescience/iac-github",
          "name": "iac-github"
        },
        "iac-proxmox": {
          "full_name": "monkescience/iac-proxmox",
          "html_url": "https://github.com/monkescience/iac-proxmox",
          "name": "iac-proxmox"
        },
        "reference-service-go": {
          "full_name": "monkescience/reference-service-go",
          "html_url": "https://github.com/monkescience/reference-service-go",
          "name": "reference-service-go"
        },
        "renovate": {
          "full_name": "monkescience/renovate",
          "html_url": "https://github.com/monkescience/renovate",
          "name": "renovate"
        },
        "scoop-bucket": {
          "full_name": "monkescience/scoop-bucket",
          "html_url": "https://github.com/monkescience/scoop-bucket",
          "name": "scoop-bucket"
        },
        "skills": {
          "full_name": "monkescience/skills",
          "html_url": "https://github.com/monkescience/skills",
          "name": "skills"
        },
        "spectra": {
          "full_name": "monkescience/spectra",
          "html_url": "https://github.com/monkescience/spectra",
          "name": "spectra"
        },
        "testastic": {
          "full_name": "monkescience/testastic",
          "html_url": "https://github.com/monkescience/testastic",
          "name": "testastic"
        },
        "vital": {
          "full_name": "monkescience/vital",
          "html_url": "https://github.com/monkescience/vital",
          "name": "vital"
        },
        "yeet": {
          "full_name": "monkescience/yeet",
          "html_url": "https://github.com/monkescience/yeet",
          "name": "yeet"
        }
      },
      "type": [
        "object",
        {
          "gitops": [
            "object",
            {
              "full_name": "string",
              "html_url": "string",
              "name": "string"
            }
          ],
          "gitops-local": [
            "object",
            {
              "full_name": "string",
              "html_url": "string",
              "name": "string"
            }
          ],
          "gitops-mixin": [
            "object",
            {
              "full_name": "string",
              "html_url": "string",
              "name": "string"
            }
          ],
          "homebrew-tap": [
            "object",
            {
              "full_name": "string",
              "html_url": "string",
              "name": "string"
            }
          ],
          "iac": [
            "object",
            {
              "full_name": "string",
              "html_url": "string",
              "name": "string"
            }
          ],
          "iac-github": [
            "object",
            {
              "full_name": "string",
              "html_url": "string",
              "name": "string"
            }
          ],
          "iac-proxmox": [
            "object",
            {
              "full_name": "string",
              "html_url": "string",
              "name": "string"
            }
          ],
          "reference-service-go": [
            "object",
            {
              "full_name": "string",
              "html_url": "string",
              "name": "string"
            }
          ],
          "renovate": [
            "object",
            {
              "full_name": "string",
              "html_url": "string",
              "name": "string"
            }
          ],
          "scoop-bucket": [
            "object",
            {
              "full_name": "string",
              "html_url": "string",
              "name": "string"
            }
          ],
          "skills": [
            "object",
            {
              "full_name": "string",
              "html_url": "string",
              "name": "string"
            }
          ],
          "spectra": [
            "object",
            {
              "full_name": "string",
              "html_url": "string",
              "name": "string"
            }
          ],
          "testastic": [
            "object",
            {
              "full_name": "string",
              "html_url": "string",
              "name": "string"
            }
          ],
          "vital": [
            "object",
            {
              "full_name": "string",
              "html_url": "string",
              "name": "string"
            }
          ],
          "yeet": [
            "object",
            {
              "full_name": "string",
              "html_url": "string",
              "name": "string"
            }
          ]
        }
      ]
    }
  },
  "resources": [
    {
      "module": "module.base",
      "mode": "managed",
      "type": "github_actions_repository_access_level",
      "name": "access_level",
      "provider": "provider[\"registry.opentofu.org/integrations/github\"]",
      "instances": [
        {
          "index_key": "gitops-mixin",
          "schema_version": 0,
          "attributes": {
            "access_level": "organization",
            "id": "gitops-mixin",
            "repository": "gitops-mixin"
          },
          "sensitive_attributes": [],
          "private": "bnVsbA==",
          "dependencies": [
            "module.base.github_repository.repository"
          ]
        },
        {
          "index_key": "skills",
          "schema_version": 0,
          "attributes": {
            "access_level": "organization",
            "id": "skills",
            "repository": "skills"
          },
          "sensitive_attributes": [],
          "private": "bnVsbA==",
          "dependencies": [
            "module.base.github_repository.repository"
          ]
        }
      ]
    },
    {
      "module": "module.base",
      "mode": "managed",
      "type": "github_branch_default",
      "name": "default_branch",
      "provider": "provider[\"registry.opentofu.org/integrations/github\"]",
      "instances": [
        {
          "index_key": "gitops",
          "schema_version": 0,
          "attributes": {
            "branch": "main",
            "etag": "W/\"e9fa05d6df53fc5bda87f6ebacea969533656b7980a9ad72fd6b74870bd4afb3\"",
            "id": "gitops",
            "rename": null,
            "repository": "gitops"
          },
          "sensitive_attributes": [],
          "private": "eyJzY2hlbWFfdmVyc2lvbiI6IjAifQ==",
          "dependencies": [
            "module.base.github_repository.repository"
          ]
        },
        {
          "index_key": "gitops-local",
          "schema_version": 0,
          "attributes": {
            "branch": "main",
            "etag": "W/\"99feda2ba27676add527d6c2c594c504aa426ff2c7f3f1140a085b159159a378\"",
            "id": "gitops-local",
            "rename": null,
            "repository": "gitops-local"
          },
          "sensitive_attributes": [],
          "private": "eyJzY2hlbWFfdmVyc2lvbiI6IjAifQ==",
          "dependencies": [
            "module.base.github_repository.repository"
          ]
        },
        {
          "index_key": "gitops-mixin",
          "schema_version": 0,
          "attributes": {
            "branch": "main",
            "etag": "W/\"ca9230ac8125773967b3530691aac0e71384a7884795788e1e7d10653ab8a757\"",
            "id": "gitops-mixin",
            "rename": null,
            "repository": "gitops-mixin"
          },
          "sensitive_attributes": [],
          "private": "eyJzY2hlbWFfdmVyc2lvbiI6IjAifQ==",
          "dependencies": [
            "module.base.github_repository.repository"
          ]
        },
        {
          "index_key": "homebrew-tap",
          "schema_version": 0,
          "attributes": {
            "branch": "main",
            "etag": "W/\"b9c52a227fe7b7afde8376a9266632580ac8c92c73dbb868c2dec42c747e8c13\"",
            "id": "homebrew-tap",
            "rename": false,
            "repository": "homebrew-tap"
          },
          "sensitive_attributes": [],
          "private": "bnVsbA==",
          "dependencies": [
            "module.base.github_repository.repository"
          ]
        },
        {
          "index_key": "iac",
          "schema_version": 0,
          "attributes": {
            "branch": "main",
            "etag": "W/\"725eaedfb55ddd452e487a0cfa9ece5bcd55ac92ddf973dbab04117453d8a4c9\"",
            "id": "iac",
            "rename": null,
            "repository": "iac"
          },
          "sensitive_attributes": [],
          "private": "eyJzY2hlbWFfdmVyc2lvbiI6IjAifQ==",
          "dependencies": [
            "module.base.github_repository.repository"
          ]
        },
        {
          "index_key": "iac-github",
          "schema_version": 0,
          "attributes": {
            "branch": "main",
            "etag": "W/\"7a5472229dad873a306b75d60e5996d501cb6af70b338cd8b0c43aa1368bfa48\"",
            "id": "iac-github",
            "rename": false,
            "repository": "iac-github"
          },
          "sensitive_attributes": [],
          "private": "bnVsbA==",
          "dependencies": [
            "module.base.github_repository.repository"
          ]
        },
        {
          "index_key": "iac-proxmox",
          "schema_version": 0,
          "attributes": {
            "branch": "main",
            "etag": "W/\"b984c82c01b6fb4bfb23a0257c1c520e7fd251628287d4b8b08394f0993ce80e\"",
            "id": "iac-proxmox",
            "rename": false,
            "repository": "iac-proxmox"
          },
          "sensitive_attributes": [],
          "private": "bnVsbA==",
          "dependencies": [
            "module.base.github_repository.repository"
          ]
        },
        {
          "index_key": "reference-service-go",
          "schema_version": 0,
          "attributes": {
            "branch": "main",
            "etag": "W/\"371ed215ff2085bc359f87d8832a325e8cc22a8e56a7d9090bfad59c93bceea7\"",
            "id": "reference-service-go",
            "rename": null,
            "repository": "reference-service-go"
          },
          "sensitive_attributes": [],
          "private": "eyJzY2hlbWFfdmVyc2lvbiI6IjAifQ==",
          "dependencies": [
            "module.base.github_repository.repository"
          ]
        },
        {
          "index_key": "renovate",
          "schema_version": 0,
          "attributes": {
            "branch": "main",
            "etag": "W/\"f0acaf4b0e934e7872c62d88de8adeafe4439ce313f9e051d2c03c33a94a96a0\"",
            "id": "renovate",
            "rename": null,
            "repository": "renovate"
          },
          "sensitive_attributes": [],
          "private": "eyJzY2hlbWFfdmVyc2lvbiI6IjAifQ==",
          "dependencies": [
            "module.base.github_repository.repository"
          ]
        },
        {
          "index_key": "scoop-bucket",
          "schema_version": 0,
          "attributes": {
            "branch": "main",
            "etag": "W/\"803f1c934cf9b5233ba65b41da3fff5060274bd7470b58e7fbb96d2379201390\"",
            "id": "scoop-bucket",
            "rename": false,
            "repository": "scoop-bucket"
          },
          "sensitive_attributes": [],
          "private": "bnVsbA==",
          "dependencies": [
            "module.base.github_repository.repository"
          ]
        },
        {
          "index_key": "skills",
          "schema_version": 0,
          "attributes": {
            "branch": "main",
            "etag": "W/\"47c2aca9add49f4e7bece33adbe82d61aa540933b22031a10cbfe720691365ee\"",
            "id": "skills",
            "rename": false,
            "repository": "skills"
          },
          "sensitive_attributes": [],
          "private": "bnVsbA==",
          "dependencies": [
            "module.base.github_repository.repository"
          ]
        },
        {
          "index_key": "spectra",
          "schema_version": 0,
          "attributes": {
            "branch": "main",
            "etag": "W/\"4cf219a93b5353985459ece3b36896d2ea5e56a1228b3c97997b9024778d530a\"",
            "id": "spectra",
            "rename": false,
            "repository": "spectra"
          },
          "sensitive_attributes": [],
          "private": "bnVsbA==",
          "dependencies": [
            "module.base.github_repository.repository"
          ]
        },
        {
          "index_key": "testastic",
          "schema_version": 0,
          "attributes": {
            "branch": "main",
            "etag": "W/\"b52714674f9412eaedc166b97fadbed8fb3810cd9d1e26a3ea55501cafb39fba\"",
            "id": "testastic",
            "rename": null,
            "repository": "testastic"
          },
          "sensitive_attributes": [],
          "private": "eyJzY2hlbWFfdmVyc2lvbiI6IjAifQ==",
          "dependencies": [
            "module.base.github_repository.repository"
          ]
        },
        {
          "index_key": "vital",
          "schema_version": 0,
          "attributes": {
            "branch": "main",
            "etag": "W/\"297fcae70065feaf290c36072f79e696f94fe471272f1c38a49f442aa0891d7d\"",
            "id": "vital",
            "rename": null,
            "repository": "vital"
          },
          "sensitive_attributes": [],
          "private": "eyJzY2hlbWFfdmVyc2lvbiI6IjAifQ==",
          "dependencies": [
            "module.base.github_repository.repository"
          ]
        },
        {
          "index_key": "yeet",
          "schema_version": 0,
          "attributes": {
            "branch": "main",
            "etag": "W/\"41ffb113fd16274d19a0fd61a6409b20617ed6d0495c416b73d622942b3b8037\"",
            "id": "yeet",
            "rename": false,
            "repository": "yeet"
          },
          "sensitive_attributes": [],
          "private": "bnVsbA==",
          "dependencies": [
            "module.base.github_repository.repository"
          ]
        }
      ]
    },
    {
      "module": "module.base",
      "mode": "managed",
      "type": "github_repository",
      "name": "repository",
      "provider": "provider[\"registry.opentofu.org/integrations/github\"]",
      "instances": [
        {
          "index_key": "gitops",
          "schema_version": 1,
          "attributes": {
            "allow_auto_merge": true,
            "allow_forking": true,
            "allow_merge_commit": false,
            "allow_rebase_merge": true,
            "allow_squash_merge": true,
            "allow_update_branch": true,
            "archive_on_destroy": true,
            "archived": false,
            "auto_init": true,
            "default_branch": "main",
            "delete_branch_on_merge": true,
            "description": "",
            "etag": "W/\"0dbfc4c5135e29ce20096a26298c4adc3de4cf7a3a713caf5d93c655e7a1d19a\"",
            "fork": "false",
            "full_name": "monkescience/gitops",
            "git_clone_url": "git://github.com/monkescience/gitops.git",
            "gitignore_template": null,
            "has_discussions": false,
            "has_downloads": false,
            "has_issues": true,
            "has_projects": false,
            "has_wiki": false,
            "homepage_url": "",
            "html_url": "https://github.com/monkescience/gitops",
            "http_clone_url": "https://github.com/monkescience/gitops.git",
            "id": "gitops",
            "ignore_vulnerability_alerts_during_read": false,
            "is_template": false,
            "license_template": "mit",
            "merge_commit_message": "PR_TITLE",
            "merge_commit_title": "MERGE_MESSAGE",
            "name": "gitops",
            "node_id": "R_kgDOO3tnBQ",
            "pages": [],
            "primary_language": "",
            "private": false,
            "repo_id": 997943045,
            "security_and_analysis": [
              {
                "advanced_security": [],
                "code_security": [],
                "secret_scanning": [
                  {
                    "status": "enabled"
                  }
                ],
                "secret_scanning_ai_detection": [],
                "secret_scanning_non_provider_patterns": [],
                "secret_scanning_push_protection": [
                  {
                    "status": "enabled"
                  }
                ]
              }
            ],
            "source_owner": "",
            "source_repo": "",
            "squash_merge_commit_message": "BLANK",
            "squash_merge_commit_title": "PR_TITLE",
            "ssh_clone_url": "git@github.com:monkescience/gitops.git",
            "svn_url": "https://github.com/monkescience/gitops",
            "template": [],
            "topics": [],
            "visibility": "public",
            "vulnerability_alerts": true,
            "web_commit_signoff_required": false
          },
          "sensitive_attributes": [],
          "private": "eyJzY2hlbWFfdmVyc2lvbiI6IjEifQ=="
        },
        {
          "index_key": "gitops-local",
          "schema_version": 1,
          "attributes": {
            "allow_auto_merge": true,
            "allow_forking": true,
            "allow_merge_commit": false,
            "allow_rebase_merge": true,
            "allow_squash_merge": true,
            "allow_update_branch": true,
            "archive_on_destroy": true,
            "archived": false,
            "auto_init": true,
            "default_branch": "main",
            "delete_branch_on_merge": true,
            "description": "",
            "etag": "W/\"71cf7de3d797ab78068cff7199bf6bc65abf064833b309f65f340f1fd549cb7b\"",
            "fork": "false",
            "full_name": "monkescience/gitops-local",
            "git_clone_url": "git://github.com/monkescience/gitops-local.git",
            "gitignore_template": null,
            "has_discussions": false,
            "has_downloads": false,
            "has_issues": true,
            "has_projects": false,
            "has_wiki": false,
            "homepage_url": "",
            "html_url": "https://github.com/monkescience/gitops-local",
            "http_clone_url": "https://github.com/monkescience/gitops-local.git",
            "id": "gitops-local",
            "ignore_vulnerability_alerts_during_read": false,
            "is_template": false,
            "license_template": "mit",
            "merge_commit_message": "PR_TITLE",
            "merge_commit_title": "MERGE_MESSAGE",
            "name": "gitops-local",
            "node_id": "R_kgDOQnFNIg",
            "pages": [],
            "primary_language": "Shell",
            "private": false,
            "repo_id": 1114721570,
            "security_and_analysis": [
              {
                "advanced_security": [],
                "code_security": [],
                "secret_scanning": [
                  {
                    "status": "enabled"
                  }
                ],
                "secret_scanning_ai_detection": [],
                "secret_scanning_non_provider_patterns": [],
                "secret_scanning_push_protection": [
                  {
                    "status": "enabled"
                  }
                ]
              }
            ],
            "source_owner": "",
            "source_repo": "",
            "squash_merge_commit_message": "BLANK",
            "squash_merge_commit_title": "PR_TITLE",
            "ssh_clone_url": "git@github.com:monkescience/gitops-local.git",
            "svn_url": "https://github.com/monkescience/gitops-local",
            "template": [],
            "topics": [],
            "visibility": "public",
            "vulnerability_alerts": true,
            "web_commit_signoff_required": false
          },
          "sensitive_attributes": [],
          "private": "eyJzY2hlbWFfdmVyc2lvbiI6IjEifQ=="
        },
        {
          "index_key": "gitops-mixin",
          "schema_version": 1,
          "attributes": {
            "allow_auto_merge": true,
            "allow_forking": false,
            "allow_merge_commit": false,
            "allow_rebase_merge": true,
            "allow_squash_merge": true,
            "allow_update_branch": true,
            "archive_on_destroy": true,
            "archived": false,
            "auto_init": true,
            "default_branch": "main",
            "delete_branch_on_merge": true,
            "description": "",
            "etag": "W/\"bd4746d623f37c2631edbaa24e0904ae45fd026de68f604e251b55137c372fff\"",
            "fork": "false",
            "full_name": "monkescience/gitops-mixin",
            "git_clone_url": "git://github.com/monkescience/gitops-mixin.git",
            "gitignore_template": null,
            "has_discussions": false,
            "has_downloads": false,
            "has_issues": true,
            "has_projects": false,
            "has_wiki": false,
            "homepage_url": "",
            "html_url": "https://github.com/monkescience/gitops-mixin",
            "http_clone_url": "https://github.com/monkescience/gitops-mixin.git",
            "id": "gitops-mixin",
            "ignore_vulnerability_alerts_during_read": false,
            "is_template": false,
            "license_template": "mit",
            "merge_commit_message": "PR_TITLE",
            "merge_commit_title": "MERGE_MESSAGE",
            "name": "gitops-mixin",
            "node_id": "R_kgDOQoHbsA",
            "pages": [],
            "primary_language": "Jsonnet",
            "private": true,
            "repo_id": 1115806640,
            "security_and_analysis": [
              {
                "advanced_security": [],
                "code_security": [],
                "secret_scanning": [
                  {
                    "status": "enabled"
                  }
                ],
                "secret_scanning_ai_detection": [],
                "secret_scanning_non_provider_patterns": [],
                "secret_scanning_push_protection": [
                  {
                    "status": "enabled"
                  }
                ]
              }
            ],
            "source_owner": "",
            "source_repo": "",
            "squash_merge_commit_message": "BLANK",
            "squash_merge_commit_title": "PR_TITLE",
            "ssh_clone_url": "git@github.com:monkescience/gitops-mixin.git",
            "svn_url": "https://github.com/monkescience/gitops-mixin",
            "template": [],
            "topics": [],
            "visibility": "private",
            "vulnerability_alerts": true,
            "web_commit_signoff_required": false
          },
          "sensitive_attributes": [],
          "private": "eyJzY2hlbWFfdmVyc2lvbiI6IjEifQ=="
        },
        {
          "index_key": "homebrew-tap",
          "schema_version": 1,
          "attributes": {
            "allow_auto_merge": true,
            "allow_forking": true,
            "allow_merge_commit": false,
            "allow_rebase_merge": true,
            "allow_squash_merge": true,
            "allow_update_branch": true,
            "archive_on_destroy": true,
            "archived": false,
            "auto_init": true,
            "default_branch": "main",
            "delete_branch_on_merge": true,
            "description": "Homebrew tap for monkescience projects",
            "etag": "W/\"fb8eebb3baa582a99405cadc2e6b35ec49ae1dab91a3682818becce9c78db13c\"",
            "fork": "false",
            "full_name": "monkescience/homebrew-tap",
            "git_clone_url": "git://github.com/monkescience/homebrew-tap.git",
            "gitignore_template": null,
            "has_discussions": false,
            "has_downloads": false,
            "has_issues": true,
            "has_projects": false,
            "has_wiki": false,
            "homepage_url": "",
            "html_url": "https://github.com/monkescience/homebrew-tap",
            "http_clone_url": "https://github.com/monkescience/homebrew-tap.git",
            "id": "homebrew-tap",
            "ignore_vulnerability_alerts_during_read": false,
            "is_template": false,
            "license_template": "mit",
            "merge_commit_message": "PR_TITLE",
            "merge_commit_title": "MERGE_MESSAGE",
            "name": "homebrew-tap",
            "node_id": "R_kgDORu3bAA",
            "pages": [],
            "primary_language": "Ruby",
            "private": false,
            "repo_id": 1189993216,
            "security_and_analysis": [
              {
                "advanced_security": [],
                "code_security": [],
                "secret_scanning": [
                  {
                    "status": "enabled"
                  }
                ],
                "secret_scanning_ai_detection": [],
                "secret_scanning_non_provider_patterns": [],
                "secret_scanning_push_protection": [
                  {
                    "status": "enabled"
                  }
                ]
              }
            ],
            "source_owner": "",
            "source_repo": "",
            "squash_merge_commit_message": "BLANK",
            "squash_merge_commit_title": "PR_TITLE",
            "ssh_clone_url": "git@github.com:monkescience/homebrew-tap.git",
            "svn_url": "https://github.com/monkescience/homebrew-tap",
            "template": [],
            "topics": [
              "homebrew",
              "homebrew-tap"
            ],
            "visibility": "public",
            "vulnerability_alerts": true,
            "web_commit_signoff_required": false
          },
          "sensitive_attributes": [],
          "private": "eyJzY2hlbWFfdmVyc2lvbiI6IjEifQ=="
        },
        {
          "index_key": "iac",
          "schema_version": 1,
          "attributes": {
            "allow_auto_merge": true,
            "allow_forking": true,
            "allow_merge_commit": false,
            "allow_rebase_merge": true,
            "allow_squash_merge": true,
            "allow_update_branch": true,
            "archive_on_destroy": true,
            "archived": false,
            "auto_init": true,
            "default_branch": "main",
            "delete_branch_on_merge": true,
            "description": "",
            "etag": "W/\"15b3d8e646f3a4f6c122ee7df7b3cf1e32ebb721643d63f90a754c1a91cdeba0\"",
            "fork": "false",
            "full_name": "monkescience/iac",
            "git_clone_url": "git://github.com/monkescience/iac.git",
            "gitignore_template": null,
            "has_discussions": false,
            "has_downloads": false,
            "has_issues": true,
            "has_projects": false,
            "has_wiki": false,
            "homepage_url": "",
            "html_url": "https://github.com/monkescience/iac",
            "http_clone_url": "https://github.com/monkescience/iac.git",
            "id": "iac",
            "ignore_vulnerability_alerts_during_read": false,
            "is_template": false,
            "license_template": "mit",
            "merge_commit_message": "PR_TITLE",
            "merge_commit_title": "MERGE_MESSAGE",
            "name": "iac",
            "node_id": "R_kgDOOTBcfA",
            "pages": [],
            "primary_language": "HCL",
            "private": false,
            "repo_id": 959470716,
            "security_and_analysis": [
              {
                "advanced_security": [],
                "code_security": [],
                "secret_scanning": [
                  {
                    "status": "enabled"
                  }
                ],
                "secret_scanning_ai_detection": [],
                "secret_scanning_non_provider_patterns": [],
                "secret_scanning_push_protection": [
                  {
                    "status": "enabled"
                  }
                ]
              }
            ],
            "source_owner": "",
            "source_repo": "",
            "squash_merge_commit_message": "BLANK",
            "squash_merge_commit_title": "PR_TITLE",
            "ssh_clone_url": "git@github.com:monkescience/iac.git",
            "svn_url": "https://github.com/monkescience/iac",
            "template": [],
            "topics": [],
            "visibility": "public",
            "vulnerability_alerts": true,
            "web_commit_signoff_required": false
          },
          "sensitive_attributes": [],
          "private": "eyJzY2hlbWFfdmVyc2lvbiI6IjEifQ=="
        },
        {
          "index_key": "iac-github",
          "schema_version": 1,
          "attributes": {
            "allow_auto_merge": true,
            "allow_forking": true,
            "allow_merge_commit": false,
            "allow_rebase_merge": true,
            "allow_squash_merge": true,
            "allow_update_branch": true,
            "archive_on_destroy": true,
            "archived": false,
            "auto_init": true,
            "default_branch": "main",
            "delete_branch_on_merge": true,
            "description": "",
            "etag": "W/\"57f92731451753d600205b2cadea5056d29ee967a0075d086d1d947e6126d307\"",
            "fork": "false",
            "full_name": "monkescience/iac-github",
            "git_clone_url": "git://github.com/monkescience/iac-github.git",
            "gitignore_template": null,
            "has_discussions": false,
            "has_downloads": false,
            "has_issues": true,
            "has_projects": false,
            "has_wiki": false,
            "homepage_url": "",
            "html_url": "https://github.com/monkescience/iac-github",
            "http_clone_url": "https://github.com/monkescience/iac-github.git",
            "id": "iac-github",
            "ignore_vulnerability_alerts_during_read": false,
            "is_template": false,
            "license_template": "mit",
            "merge_commit_message": "PR_TITLE",
            "merge_commit_title": "MERGE_MESSAGE",
            "name": "iac-github",
            "node_id": "R_kgDOQ7XFsQ",
            "pages": [],
            "primary_language": "HCL",
            "private": false,
            "repo_id": 1135986097,
            "security_and_analysis": [
              {
                "advanced_security": [],
                "code_security": [],
                "secret_scanning": [
                  {
                    "status": "enabled"
                  }
                ],
                "secret_scanning_ai_detection": [],
                "secret_scanning_non_provider_patterns": [],
                "secret_scanning_push_protection": [
                  {
                    "status": "enabled"
                  }
                ]
              }
            ],
            "source_owner": "",
            "source_repo": "",
            "squash_merge_commit_message": "BLANK",
            "squash_merge_commit_title": "PR_TITLE",
            "ssh_clone_url": "git@github.com:monkescience/iac-github.git",
            "svn_url": "https://github.com/monkescience/iac-github",
            "template": [],
            "topics": [],
            "visibility": "public",
            "vulnerability_alerts": true,
            "web_commit_signoff_required": false
          },
          "sensitive_attributes": [],
          "private": "eyJzY2hlbWFfdmVyc2lvbiI6IjEifQ=="
        },
        {
          "index_key": "iac-proxmox",
          "schema_version": 1,
          "attributes": {
            "allow_auto_merge": true,
            "allow_forking": true,
            "allow_merge_commit": false,
            "allow_rebase_merge": true,
            "allow_squash_merge": true,
            "allow_update_branch": true,
            "archive_on_destroy": true,
            "archived": false,
            "auto_init": true,
            "default_branch": "main",
            "delete_branch_on_merge": true,
            "description": "",
            "etag": "W/\"40a87eed784df1ae67a4218e0e7ceed59327c59ae0ea53bd2f42d2aad628e218\"",
            "fork": "false",
            "full_name": "monkescience/iac-proxmox",
            "git_clone_url": "git://github.com/monkescience/iac-proxmox.git",
            "gitignore_template": null,
            "has_discussions": false,
            "has_downloads": false,
            "has_issues": true,
            "has_projects": false,
            "has_wiki": false,
            "homepage_url": "",
            "html_url": "https://github.com/monkescience/iac-proxmox",
            "http_clone_url": "https://github.com/monkescience/iac-proxmox.git",
            "id": "iac-proxmox",
            "ignore_vulnerability_alerts_during_read": false,
            "is_template": false,
            "license_template": "mit",
            "merge_commit_message": "PR_TITLE",
            "merge_commit_title": "MERGE_MESSAGE",
            "name": "iac-proxmox",
            "node_id": "R_kgDOSYI4bA",
            "pages": [],
            "primary_language": "",
            "private": false,
            "repo_id": 1233270892,
            "security_and_analysis": [
              {
                "advanced_security": [],
                "code_security": [],
                "secret_scanning": [
                  {
                    "status": "enabled"
                  }
                ],
                "secret_scanning_ai_detection": [],
                "secret_scanning_non_provider_patterns": [],
                "secret_scanning_push_protection": [
                  {
                    "status": "enabled"
                  }
                ]
              }
            ],
            "source_owner": "",
            "source_repo": "",
            "squash_merge_commit_message": "BLANK",
            "squash_merge_commit_title": "PR_TITLE",
            "ssh_clone_url": "git@github.com:monkescience/iac-proxmox.git",
            "svn_url": "https://github.com/monkescience/iac-proxmox",
            "template": [],
            "topics": [],
            "visibility": "public",
            "vulnerability_alerts": true,
            "web_commit_signoff_required": false
          },
          "sensitive_attributes": [],
          "private": "eyJzY2hlbWFfdmVyc2lvbiI6IjEifQ=="
        },
        {
          "index_key": "reference-service-go",
          "schema_version": 1,
          "attributes": {
            "allow_auto_merge": true,
            "allow_forking": true,
            "allow_merge_commit": false,
            "allow_rebase_merge": true,
            "allow_squash_merge": true,
            "allow_update_branch": true,
            "archive_on_destroy": true,
            "archived": false,
            "auto_init": true,
            "default_branch": "main",
            "delete_branch_on_merge": true,
            "description": "",
            "etag": "W/\"1705a1970b69d1eb89a4214ae481478466c75d6421b4451ae79bfd5ddf43c992\"",
            "fork": "false",
            "full_name": "monkescience/reference-service-go",
            "git_clone_url": "git://github.com/monkescience/reference-service-go.git",
            "gitignore_template": null,
            "has_discussions": false,
            "has_downloads": false,
            "has_issues": true,
            "has_projects": false,
            "has_wiki": false,
            "homepage_url": "",
            "html_url": "https://github.com/monkescience/reference-service-go",
            "http_clone_url": "https://github.com/monkescience/reference-service-go.git",
            "id": "reference-service-go",
            "ignore_vulnerability_alerts_during_read": false,
            "is_template": false,
            "license_template": "mit",
            "merge_commit_message": "PR_TITLE",
            "merge_commit_title": "MERGE_MESSAGE",
            "name": "reference-service-go",
            "node_id": "R_kgDOOrml5Q",
            "pages": [],
            "primary_language": "Go",
            "private": false,
            "repo_id": 985245157,
            "security_and_analysis": [
              {
                "advanced_security": [],
                "code_security": [],
                "secret_scanning": [
                  {
                    "status": "enabled"
                  }
                ],
                "secret_scanning_ai_detection": [],
                "secret_scanning_non_provider_patterns": [],
                "secret_scanning_push_protection": [
                  {
                    "status": "enabled"
                  }
                ]
              }
            ],
            "source_owner": "",
            "source_repo": "",
            "squash_merge_commit_message": "BLANK",
            "squash_merge_commit_title": "PR_TITLE",
            "ssh_clone_url": "git@github.com:monkescience/reference-service-go.git",
            "svn_url": "https://github.com/monkescience/reference-service-go",
            "template": [],
            "topics": [],
            "visibility": "public",
            "vulnerability_alerts": true,
            "web_commit_signoff_required": false
          },
          "sensitive_attributes": [],
          "private": "eyJzY2hlbWFfdmVyc2lvbiI6IjEifQ=="
        },
        {
          "index_key": "renovate",
          "schema_version": 1,
          "attributes": {
            "allow_auto_merge": true,
            "allow_forking": true,
            "allow_merge_commit": false,
            "allow_rebase_merge": true,
            "allow_squash_merge": true,
            "allow_update_branch": true,
            "archive_on_destroy": true,
            "archived": false,
            "auto_init": true,
            "default_branch": "main",
            "delete_branch_on_merge": true,
            "description": "",
            "etag": "W/\"664176654f8cb3396b4fc0f8bd82ff5e05712f97d2e5b2737fbba0762932ae49\"",
            "fork": "false",
            "full_name": "monkescience/renovate",
            "git_clone_url": "git://github.com/monkescience/renovate.git",
            "gitignore_template": null,
            "has_discussions": false,
            "has_downloads": false,
            "has_issues": true,
            "has_projects": false,
            "has_wiki": false,
            "homepage_url": "",
            "html_url": "https://github.com/monkescience/renovate",
            "http_clone_url": "https://github.com/monkescience/renovate.git",
            "id": "renovate",
            "ignore_vulnerability_alerts_during_read": false,
            "is_template": false,
            "license_template": "mit",
            "merge_commit_message": "PR_TITLE",
            "merge_commit_title": "MERGE_MESSAGE",
            "name": "renovate",
            "node_id": "R_kgDOOrpcuQ",
            "pages": [],
            "primary_language": "",
            "private": false,
            "repo_id": 985291961,
            "security_and_analysis": [
              {
                "advanced_security": [],
                "code_security": [],
                "secret_scanning": [
                  {
                    "status": "enabled"
                  }
                ],
                "secret_scanning_ai_detection": [],
                "secret_scanning_non_provider_patterns": [],
                "secret_scanning_push_protection": [
                  {
                    "status": "enabled"
                  }
                ]
              }
            ],
            "source_owner": "",
            "source_repo": "",
            "squash_merge_commit_message": "BLANK",
            "squash_merge_commit_title": "PR_TITLE",
            "ssh_clone_url": "git@github.com:monkescience/renovate.git",
            "svn_url": "https://github.com/monkescience/renovate",
            "template": [],
            "topics": [],
            "visibility": "public",
            "vulnerability_alerts": true,
            "web_commit_signoff_required": false
          },
          "sensitive_attributes": [],
          "private": "eyJzY2hlbWFfdmVyc2lvbiI6IjEifQ=="
        },
        {
          "index_key": "scoop-bucket",
          "schema_version": 1,
          "attributes": {
            "allow_auto_merge": true,
            "allow_forking": true,
            "allow_merge_commit": false,
            "allow_rebase_merge": true,
            "allow_squash_merge": true,
            "allow_update_branch": true,
            "archive_on_destroy": true,
            "archived": false,
            "auto_init": true,
            "default_branch": "main",
            "delete_branch_on_merge": true,
            "description": "Scoop bucket for monkescience projects",
            "etag": "W/\"3997b7cc9fddf26b5fa1484f2d1717b54a5df5c58ecead56f5b4fe398e8362c8\"",
            "fork": "false",
            "full_name": "monkescience/scoop-bucket",
            "git_clone_url": "git://github.com/monkescience/scoop-bucket.git",
            "gitignore_template": null,
            "has_discussions": false,
            "has_downloads": false,
            "has_issues": true,
            "has_projects": false,
            "has_wiki": false,
            "homepage_url": "",
            "html_url": "https://github.com/monkescience/scoop-bucket",
            "http_clone_url": "https://github.com/monkescience/scoop-bucket.git",
            "id": "scoop-bucket",
            "ignore_vulnerability_alerts_during_read": false,
            "is_template": false,
            "license_template": "mit",
            "merge_commit_message": "PR_TITLE",
            "merge_commit_title": "MERGE_MESSAGE",
            "name": "scoop-bucket",
            "node_id": "R_kgDOSH_79g",
            "pages": [],
            "primary_language": "PowerShell",
            "private": false,
            "repo_id": 1216347126,
            "security_and_analysis": [
              {
                "advanced_security": [],
                "code_security": [],
                "secret_scanning": [
                  {
                    "status": "enabled"
                  }
                ],
                "secret_scanning_ai_detection": [],
                "secret_scanning_non_provider_patterns": [],
                "secret_scanning_push_protection": [
                  {
                    "status": "enabled"
                  }
                ]
              }
            ],
            "source_owner": "",
            "source_repo": "",
            "squash_merge_commit_message": "BLANK",
            "squash_merge_commit_title": "PR_TITLE",
            "ssh_clone_url": "git@github.com:monkescience/scoop-bucket.git",
            "svn_url": "https://github.com/monkescience/scoop-bucket",
            "template": [],
            "topics": [
              "scoop",
              "scoop-bucket"
            ],
            "visibility": "public",
            "vulnerability_alerts": true,
            "web_commit_signoff_required": false
          },
          "sensitive_attributes": [],
          "private": "eyJzY2hlbWFfdmVyc2lvbiI6IjEifQ=="
        },
        {
          "index_key": "skills",
          "schema_version": 1,
          "attributes": {
            "allow_auto_merge": true,
            "allow_forking": false,
            "allow_merge_commit": false,
            "allow_rebase_merge": true,
            "allow_squash_merge": true,
            "allow_update_branch": true,
            "archive_on_destroy": true,
            "archived": false,
            "auto_init": true,
            "default_branch": "main",
            "delete_branch_on_merge": true,
            "description": "",
            "etag": "W/\"07ab41c2f0b56e904b3cc9fce455d2720e6fbe3f653359f9bce30470e5ed9cc0\"",
            "fork": "false",
            "full_name": "monkescience/skills",
            "git_clone_url": "git://github.com/monkescience/skills.git",
            "gitignore_template": null,
            "has_discussions": false,
            "has_downloads": false,
            "has_issues": true,
            "has_projects": false,
            "has_wiki": false,
            "homepage_url": "",
            "html_url": "https://github.com/monkescience/skills",
            "http_clone_url": "https://github.com/monkescience/skills.git",
            "id": "skills",
            "ignore_vulnerability_alerts_during_read": false,
            "is_template": false,
            "license_template": "mit",
            "merge_commit_message": "PR_TITLE",
            "merge_commit_title": "MERGE_MESSAGE",
            "name": "skills",
            "node_id": "R_kgDORKa3zQ",
            "pages": [],
            "primary_language": "Go Template",
            "private": true,
            "repo_id": 1151776717,
            "security_and_analysis": [
              {
                "advanced_security": [],
                "code_security": [],
                "secret_scanning": [
                  {
                    "status": "enabled"
                  }
                ],
                "secret_scanning_ai_detection": [],
                "secret_scanning_non_provider_patterns": [],
                "secret_scanning_push_protection": [
                  {
                    "status": "enabled"
                  }
                ]
              }
            ],
            "source_owner": "",
            "source_repo": "",
            "squash_merge_commit_message": "BLANK",
            "squash_merge_commit_title": "PR_TITLE",
            "ssh_clone_url": "git@github.com:monkescience/skills.git",
            "svn_url": "https://github.com/monkescience/skills",
            "template": [],
            "topics": [],
            "visibility": "private",
            "vulnerability_alerts": true,
            "web_commit_signoff_required": false
          },
          "sensitive_attributes": [],
          "private": "eyJzY2hlbWFfdmVyc2lvbiI6IjEifQ=="
        },
        {
          "index_key": "spectra",
          "schema_version": 1,
          "attributes": {
            "allow_auto_merge": true,
            "allow_forking": true,
            "allow_merge_commit": false,
            "allow_rebase_merge": true,
            "allow_squash_merge": true,
            "allow_update_branch": true,
            "archive_on_destroy": true,
            "archived": false,
            "auto_init": true,
            "default_branch": "main",
            "delete_branch_on_merge": true,
            "description": "",
            "etag": "W/\"38eba5a95890484e5da8e8ef8f0c173588196360d565fe5070a8c4191dedf349\"",
            "fork": "false",
            "full_name": "monkescience/spectra",
            "git_clone_url": "git://github.com/monkescience/spectra.git",
            "gitignore_template": null,
            "has_discussions": false,
            "has_downloads": false,
            "has_issues": true,
            "has_projects": false,
            "has_wiki": false,
            "homepage_url": "",
            "html_url": "https://github.com/monkescience/spectra",
            "http_clone_url": "https://github.com/monkescience/spectra.git",
            "id": "spectra",
            "ignore_vulnerability_alerts_during_read": false,
            "is_template": false,
            "license_template": "mit",
            "merge_commit_message": "PR_TITLE",
            "merge_commit_title": "MERGE_MESSAGE",
            "name": "spectra",
            "node_id": "R_kgDOQ5OrmQ",
            "pages": [],
            "primary_language": "Go",
            "private": false,
            "repo_id": 1133751193,
            "security_and_analysis": [
              {
                "advanced_security": [],
                "code_security": [],
                "secret_scanning": [
                  {
                    "status": "enabled"
                  }
                ],
                "secret_scanning_ai_detection": [],
                "secret_scanning_non_provider_patterns": [],
                "secret_scanning_push_protection": [
                  {
                    "status": "enabled"
                  }
                ]
              }
            ],
            "source_owner": "",
            "source_repo": "",
            "squash_merge_commit_message": "BLANK",
            "squash_merge_commit_title": "PR_TITLE",
            "ssh_clone_url": "git@github.com:monkescience/spectra.git",
            "svn_url": "https://github.com/monkescience/spectra",
            "template": [],
            "topics": [],
            "visibility": "public",
            "vulnerability_alerts": true,
            "web_commit_signoff_required": false
          },
          "sensitive_attributes": [],
          "private": "eyJzY2hlbWFfdmVyc2lvbiI6IjEifQ=="
        },
        {
          "index_key": "testastic",
          "schema_version": 1,
          "attributes": {
            "allow_auto_merge": true,
            "allow_forking": true,
            "allow_merge_commit": false,
            "allow_rebase_merge": true,
            "allow_squash_merge": true,
            "allow_update_branch": true,
            "archive_on_destroy": true,
            "archived": false,
            "auto_init": true,
            "default_branch": "main",
            "delete_branch_on_merge": true,
            "description": "Go testing toolkit with structured document comparison (JSON, YAML, HTML) and expressive assertions",
            "etag": "W/\"718936108094b956f12f09edbbaeb1dbde112372d6385fa26fd40592beeaf743\"",
            "fork": "false",
            "full_name": "monkescience/testastic",
            "git_clone_url": "git://github.com/monkescience/testastic.git",
            "gitignore_template": null,
            "has_discussions": false,
            "has_downloads": false,
            "has_issues": true,
            "has_projects": false,
            "has_wiki": false,
            "homepage_url": "",
            "html_url": "https://github.com/monkescience/testastic",
            "http_clone_url": "https://github.com/monkescience/testastic.git",
            "id": "testastic",
            "ignore_vulnerability_alerts_during_read": false,
            "is_template": false,
            "license_template": "mit",
            "merge_commit_message": "PR_TITLE",
            "merge_commit_title": "MERGE_MESSAGE",
            "name": "testastic",
            "node_id": "R_kgDOQnz4kg",
            "pages": [],
            "primary_language": "Go",
            "private": false,
            "repo_id": 1115486354,
            "security_and_analysis": [
              {
                "advanced_security": [],
                "code_security": [],
                "secret_scanning": [
                  {
                    "status": "enabled"
                  }
                ],
                "secret_scanning_ai_detection": [],
                "secret_scanning_non_provider_patterns": [],
                "secret_scanning_push_protection": [
                  {
                    "status": "enabled"
                  }
                ]
              }
            ],
            "source_owner": "",
            "source_repo": "",
            "squash_merge_commit_message": "BLANK",
            "squash_merge_commit_title": "PR_TITLE",
            "ssh_clone_url": "git@github.com:monkescience/testastic.git",
            "svn_url": "https://github.com/monkescience/testastic",
            "template": [],
            "topics": [
              "assertions",
              "go",
              "golden-files",
              "testing"
            ],
            "visibility": "public",
            "vulnerability_alerts": true,
            "web_commit_signoff_required": false
          },
          "sensitive_attributes": [],
          "private": "eyJzY2hlbWFfdmVyc2lvbiI6IjEifQ=="
        },
        {
          "index_key": "vital",
          "schema_version": 1,
          "attributes": {
            "allow_auto_merge": true,
            "allow_forking": true,
            "allow_merge_commit": false,
            "allow_rebase_merge": true,
            "allow_squash_merge": true,
            "allow_update_branch": true,
            "archive_on_destroy": true,
            "archived": false,
            "auto_init": true,
            "default_branch": "main",
            "delete_branch_on_merge": true,
            "description": "HTTP server utilities for Go: graceful shutdown, health checks, RFC 9457 problem details, and context-aware slog",
            "etag": "W/\"52321af41e03bd20ed9b1e364bc26d3292d126924dd3badcde86f5b124c473c3\"",
            "fork": "false",
            "full_name": "monkescience/vital",
            "git_clone_url": "git://github.com/monkescience/vital.git",
            "gitignore_template": null,
            "has_discussions": false,
            "has_downloads": false,
            "has_issues": true,
            "has_projects": false,
            "has_wiki": false,
            "homepage_url": "",
            "html_url": "https://github.com/monkescience/vital",
            "http_clone_url": "https://github.com/monkescience/vital.git",
            "id": "vital",
            "ignore_vulnerability_alerts_during_read": false,
            "is_template": false,
            "license_template": "mit",
            "merge_commit_message": "PR_TITLE",
            "merge_commit_title": "MERGE_MESSAGE",
            "name": "vital",
            "node_id": "R_kgDOPav2Qg",
            "pages": [],
            "primary_language": "Go",
            "private": false,
            "repo_id": 1034679874,
            "security_and_analysis": [
              {
                "advanced_security": [],
                "code_security": [],
                "secret_scanning": [
                  {
                    "status": "enabled"
                  }
                ],
                "secret_scanning_ai_detection": [],
                "secret_scanning_non_provider_patterns": [],
                "secret_scanning_push_protection": [
                  {
                    "status": "enabled"
                  }
                ]
              }
            ],
            "source_owner": "",
            "source_repo": "",
            "squash_merge_commit_message": "BLANK",
            "squash_merge_commit_title": "PR_TITLE",
            "ssh_clone_url": "git@github.com:monkescience/vital.git",
            "svn_url": "https://github.com/monkescience/vital",
            "template": [],
            "topics": [
              "go",
              "graceful-shutdown",
              "health-check",
              "http",
              "slog"
            ],
            "visibility": "public",
            "vulnerability_alerts": true,
            "web_commit_signoff_required": false
          },
          "sensitive_attributes": [],
          "private": "eyJzY2hlbWFfdmVyc2lvbiI6IjEifQ=="
        },
        {
          "index_key": "yeet",
          "schema_version": 1,
          "attributes": {
            "allow_auto_merge": true,
            "allow_forking": true,
            "allow_merge_commit": false,
            "allow_rebase_merge": true,
            "allow_squash_merge": true,
            "allow_update_branch": true,
            "archive_on_destroy": true,
            "archived": false,
            "auto_init": true,
            "default_branch": "main",
            "delete_branch_on_merge": true,
            "description": "Automate releases based on conventional commits",
            "etag": "W/\"2a7d3801b6468a0ba6afc5df77de54cf20459802ab07888d7309c309e3aa2eae\"",
            "fork": "false",
            "full_name": "monkescience/yeet",
            "git_clone_url": "git://github.com/monkescience/yeet.git",
            "gitignore_template": null,
            "has_discussions": false,
            "has_downloads": false,
            "has_issues": true,
            "has_projects": false,
            "has_wiki": false,
            "homepage_url": "",
            "html_url": "https://github.com/monkescience/yeet",
            "http_clone_url": "https://github.com/monkescience/yeet.git",
            "id": "yeet",
            "ignore_vulnerability_alerts_during_read": false,
            "is_template": false,
            "license_template": "mit",
            "merge_commit_message": "PR_TITLE",
            "merge_commit_title": "MERGE_MESSAGE",
            "name": "yeet",
            "node_id": "R_kgDORbYQJA",
            "pages": [],
            "primary_language": "Go",
            "private": false,
            "repo_id": 1169559588,
            "security_and_analysis": [
              {
                "advanced_security": [],
                "code_security": [],
                "secret_scanning": [
                  {
                    "status": "enabled"
                  }
                ],
                "secret_scanning_ai_detection": [],
                "secret_scanning_non_provider_patterns": [],
                "secret_scanning_push_protection": [
                  {
                    "status": "enabled"
                  }
                ]
              }
            ],
            "source_owner": "",
            "source_repo": "",
            "squash_merge_commit_message": "BLANK",
            "squash_merge_commit_title": "PR_TITLE",
            "ssh_clone_url": "git@github.com:monkescience/yeet.git",
            "svn_url": "https://github.com/monkescience/yeet",
            "template": [],
            "topics": [
              "calver",
              "changelog",
              "cli",
              "conventional-commits",
              "go",
              "release-automation",
              "semver"
            ],
            "visibility": "public",
            "vulnerability_alerts": true,
            "web_commit_signoff_required": false
          },
          "sensitive_attributes": [],
          "private": "eyJzY2hlbWFfdmVyc2lvbiI6IjEifQ=="
        }
      ]
    },
    {
      "module": "module.base",
      "mode": "managed",
      "type": "github_repository_dependabot_security_updates",
      "name": "security_updates",
      "provider": "provider[\"registry.opentofu.org/integrations/github\"]",
      "instances": [
        {
          "index_key": "gitops",
          "schema_version": 0,
          "attributes": {
            "enabled": true,
            "id": "gitops",
            "repository": "gitops"
          },
          "sensitive_attributes": [],
          "private": "bnVsbA==",
          "dependencies": [
            "module.base.github_repository.repository"
          ]
        },
        {
          "index_key": "gitops-local",
          "schema_version": 0,
          "attributes": {
            "enabled": true,
            "id": "gitops-local",
            "repository": "gitops-local"
          },
          "sensitive_attributes": [],
          "private": "bnVsbA==",
          "dependencies": [
            "module.base.github_repository.repository"
          ]
        },
        {
          "index_key": "gitops-mixin",
          "schema_version": 0,
          "attributes": {
            "enabled": true,
            "id": "gitops-mixin",
            "repository": "gitops-mixin"
          },
          "sensitive_attributes": [],
          "private": "bnVsbA==",
          "dependencies": [
            "module.base.github_repository.repository"
          ]
        },
        {
          "index_key": "homebrew-tap",
          "schema_version": 0,
          "attributes": {
            "enabled": true,
            "id": "homebrew-tap",
            "repository": "homebrew-tap"
          },
          "sensitive_attributes": [],
          "private": "bnVsbA==",
          "dependencies": [
            "module.base.github_repository.repository"
          ]
        },
        {
          "index_key": "iac",
          "schema_version": 0,
          "attributes": {
            "enabled": true,
            "id": "iac",
            "repository": "iac"
          },
          "sensitive_attributes": [],
          "private": "bnVsbA==",
          "dependencies": [
            "module.base.github_repository.repository"
          ]
        },
        {
          "index_key": "iac-github",
          "schema_version": 0,
          "attributes": {
            "enabled": true,
            "id": "iac-github",
            "repository": "iac-github"
          },
          "sensitive_attributes": [],
          "private": "bnVsbA==",
          "dependencies": [
            "module.base.github_repository.repository"
          ]
        },
        {
          "index_key": "iac-proxmox",
          "schema_version": 0,
          "attributes": {
            "enabled": true,
            "id": "iac-proxmox",
            "repository": "iac-proxmox"
          },
          "sensitive_attributes": [],
          "private": "bnVsbA==",
          "dependencies": [
            "module.base.github_repository.repository"
          ]
        },
        {
          "index_key": "reference-service-go",
          "schema_version": 0,
          "attributes": {
            "enabled": true,
            "id": "reference-service-go",
            "repository": "reference-service-go"
          },
          "sensitive_attributes": [],
          "private": "bnVsbA==",
          "dependencies": [
            "module.base.github_repository.repository"
          ]
        },
        {
          "index_key": "renovate",
          "schema_version": 0,
          "attributes": {
            "enabled": true,
            "id": "renovate",
            "repository": "renovate"
          },
          "sensitive_attributes": [],
          "private": "bnVsbA==",
          "dependencies": [
            "module.base.github_repository.repository"
          ]
        },
        {
          "index_key": "scoop-bucket",
          "schema_version": 0,
          "attributes": {
            "enabled": true,
            "id": "scoop-bucket",
            "repository": "scoop-bucket"
          },
          "sensitive_attributes": [],
          "private": "bnVsbA==",
          "dependencies": [
            "module.base.github_repository.repository"
          ]
        },
        {
          "index_key": "skills",
          "schema_version": 0,
          "attributes": {
            "enabled": true,
            "id": "skills",
            "repository": "skills"
          },
          "sensitive_attributes": [],
          "private": "bnVsbA==",
          "dependencies": [
            "module.base.github_repository.repository"
          ]
        },
        {
          "index_key": "spectra",
          "schema_version": 0,
          "attributes": {
            "enabled": true,
            "id": "spectra",
            "repository": "spectra"
          },
          "sensitive_attributes": [],
          "private": "bnVsbA==",
          "dependencies": [
            "module.base.github_repository.repository"
          ]
        },
        {
          "index_key": "testastic",
          "schema_version": 0,
          "attributes": {
            "enabled": true,
            "id": "testastic",
            "repository": "testastic"
          },
          "sensitive_attributes": [],
          "private": "bnVsbA==",
          "dependencies": [
            "module.base.github_repository.repository"
          ]
        },
        {
          "index_key": "vital",
          "schema_version": 0,
          "attributes": {
            "enabled": true,
            "id": "vital",
            "repository": "vital"
          },
          "sensitive_attributes": [],
          "private": "bnVsbA==",
          "dependencies": [
            "module.base.github_repository.repository"
          ]
        },
        {
          "index_key": "yeet",
          "schema_version": 0,
          "attributes": {
            "enabled": true,
            "id": "yeet",
            "repository": "yeet"
          },
          "sensitive_attributes": [],
          "private": "bnVsbA==",
          "dependencies": [
            "module.base.github_repository.repository"
          ]
        }
      ]
    },
    {
      "module": "module.base",
      "mode": "managed",
      "type": "github_repository_ruleset",
      "name": "branch_naming",
      "provider": "provider[\"registry.opentofu.org/integrations/github\"]",
      "instances": [
        {
          "index_key": "gitops",
          "schema_version": 1,
          "attributes": {
            "bypass_actors": [],
            "conditions": [
              {
                "ref_name": [
                  {
                    "exclude": [
                      "~DEFAULT_BRANCH",
                      "refs/heads/renovate/*",
                      "refs/heads/release-please--*"
                    ],
                    "include": [
                      "~ALL"
                    ]
                  }
                ]
              }
            ],
            "enforcement": "active",
            "etag": "W/\"a0e82977214a2b33dc4a751cceee5fa719c1ccdee591e0e26f1463bf4323c828\"",
            "id": "11713139",
            "name": "branch-naming",
            "node_id": "RRS_lACqUmVwb3NpdG9yec47e2cFzgCyunM",
            "repository": "gitops",
            "rules": [
              {
                "branch_name_pattern": [
                  {
                    "name": "",
                    "negate": false,
                    "operator": "regex",
                    "pattern": "^(feat|fix|chore|docs|refactor|test|ci|build|perf|style|revert)/[a-z0-9-]+$"
                  }
                ],
                "commit_author_email_pattern": [],
                "commit_message_pattern": [],
                "committer_email_pattern": [],
                "copilot_code_review": [],
                "creation": false,
                "deletion": false,
                "file_extension_restriction": [],
                "file_path_restriction": [],
                "max_file_path_length": [],
                "max_file_size": [],
                "merge_queue": [],
                "non_fast_forward": false,
                "pull_request": [],
                "required_code_scanning": [],
                "required_deployments": [],
                "required_linear_history": false,
                "required_signatures": false,
                "required_status_checks": [],
                "tag_name_pattern": [],
                "update": false,
                "update_allows_fetch_and_merge": false
              }
            ],
            "ruleset_id": 11713139,
            "target": "branch"
          },
          "sensitive_attributes": [],
          "private": "eyJzY2hlbWFfdmVyc2lvbiI6IjEifQ==",
          "dependencies": [
            "module.base.github_repository.repository"
          ]
        },
        {
          "index_key": "gitops-local",
          "schema_version": 1,
          "attributes": {
            "bypass_actors": [],
            "conditions": [
              {
                "ref_name": [
                  {
                    "exclude": [
                      "~DEFAULT_BRANCH",
                      "refs/heads/renovate/*",
                      "refs/heads/release-please--*"
                    ],
                    "include": [
                      "~ALL"
                    ]
                  }
                ]
              }
            ],
            "enforcement": "active",
            "etag": "W/\"fa048af36eb15bf652eea8acc30fec7e805c6276076bb21cfdd5274edc0ce2b3\"",
            "id": "11713137",
            "name": "branch-naming",
            "node_id": "RRS_lACqUmVwb3NpdG9yec5CcU0izgCyunE",
            "repository": "gitops-local",
            "rules": [
              {
                "branch_name_pattern": [
                  {
                    "name": "",
                    "negate": false,
                    "operator": "regex",
                    "pattern": "^(feat|fix|chore|docs|refactor|test|ci|build|perf|style|revert)/[a-z0-9-]+$"
                  }
                ],
                "commit_author_email_pattern": [],
                "commit_message_pattern": [],
                "committer_email_pattern": [],
                "copilot_code_review": [],
                "creation": false,
                "deletion": false,
                "file_extension_restriction": [],
                "file_path_restriction": [],
                "max_file_path_length": [],
                "max_file_size": [],
                "merge_queue": [],
                "non_fast_forward": false,
                "pull_request": [],
                "required_code_scanning": [],
                "required_deployments": [],
                "required_linear_history": false,
                "required_signatures": false,
                "required_status_checks": [],
                "tag_name_pattern": [],
                "update": false,
                "update_allows_fetch_and_merge": false
              }
            ],
            "ruleset_id": 11713137,
            "target": "branch"
          },
          "sensitive_attributes": [],
          "private": "eyJzY2hlbWFfdmVyc2lvbiI6IjEifQ==",
          "dependencies": [
            "module.base.github_repository.repository"
          ]
        },
        {
          "index_key": "homebrew-tap",
          "schema_version": 1,
          "attributes": {
            "bypass_actors": [],
            "conditions": [
              {
                "ref_name": [
                  {
                    "exclude": [
                      "~DEFAULT_BRANCH",
                      "refs/heads/renovate/*",
                      "refs/heads/release-please--*"
                    ],
                    "include": [
                      "~ALL"
                    ]
                  }
                ]
              }
            ],
            "enforcement": "active",
            "etag": "W/\"62c792e7e8bebefb345b9ae0d5e693dbbfd869d3c75c97a3f4d5e04feff7aebf\"",
            "id": "14249642",
            "name": "branch-naming",
            "node_id": "RRS_lACqUmVwb3NpdG9yec5G7dsAzgDZbqo",
            "repository": "homebrew-tap",
            "rules": [
              {
                "branch_name_pattern": [
                  {
                    "name": "",
                    "negate": false,
                    "operator": "regex",
                    "pattern": "^(feat|fix|chore|docs|refactor|test|ci|build|perf|style|revert)/[a-z0-9-]+$"
                  }
                ],
                "commit_author_email_pattern": [],
                "commit_message_pattern": [],
                "committer_email_pattern": [],
                "copilot_code_review": [],
                "creation": false,
                "deletion": false,
                "file_extension_restriction": [],
                "file_path_restriction": [],
                "max_file_path_length": [],
                "max_file_size": [],
                "merge_queue": [],
                "non_fast_forward": false,
                "pull_request": [],
                "required_code_scanning": [],
                "required_deployments": [],
                "required_linear_history": false,
                "required_signatures": false,
                "required_status_checks": [],
                "tag_name_pattern": [],
                "update": false,
                "update_allows_fetch_and_merge": false
              }
            ],
            "ruleset_id": 14249642,
            "target": "branch"
          },
          "sensitive_attributes": [],
          "private": "eyJzY2hlbWFfdmVyc2lvbiI6IjEifQ==",
          "dependencies": [
            "module.base.github_repository.repository"
          ]
        },
        {
          "index_key": "iac",
          "schema_version": 1,
          "attributes": {
            "bypass_actors": [],
            "conditions": [
              {
                "ref_name": [
                  {
                    "exclude": [
                      "~DEFAULT_BRANCH",
                      "refs/heads/renovate/*",
                      "refs/heads/release-please--*"
                    ],
                    "include": [
                      "~ALL"
                    ]
                  }
                ]
              }
            ],
            "enforcement": "active",
            "etag": "W/\"81565a304b612fb191a027fe8ebec0a4220604dfe6a6531374203dab625b14fe\"",
            "id": "11713168",
            "name": "branch-naming",
            "node_id": "RRS_lACqUmVwb3NpdG9yec45MFx8zgCyupA",
            "repository": "iac",
            "rules": [
              {
                "branch_name_pattern": [
                  {
                    "name": "",
                    "negate": false,
                    "operator": "regex",
                    "pattern": "^(feat|fix|chore|docs|refactor|test|ci|build|perf|style|revert)/[a-z0-9-]+$"
                  }
                ],
                "commit_author_email_pattern": [],
                "commit_message_pattern": [],
                "committer_email_pattern": [],
                "copilot_code_review": [],
                "creation": false,
                "deletion": false,
                "file_extension_restriction": [],
                "file_path_restriction": [],
                "max_file_path_length": [],
                "max_file_size": [],
                "merge_queue": [],
                "non_fast_forward": false,
                "pull_request": [],
                "required_code_scanning": [],
                "required_deployments": [],
                "required_linear_history": false,
                "required_signatures": false,
                "required_status_checks": [],
                "tag_name_pattern": [],
                "update": false,
                "update_allows_fetch_and_merge": false
              }
            ],
            "ruleset_id": 11713168,
            "target": "branch"
          },
          "sensitive_attributes": [],
          "private": "eyJzY2hlbWFfdmVyc2lvbiI6IjEifQ==",
          "dependencies": [
            "module.base.github_repository.repository"
          ]
        },
        {
          "index_key": "iac-github",
          "schema_version": 1,
          "attributes": {
            "bypass_actors": [],
            "conditions": [
              {
                "ref_name": [
                  {
                    "exclude": [
                      "~DEFAULT_BRANCH",
                      "refs/heads/renovate/*",
                      "refs/heads/release-please--*"
                    ],
                    "include": [
                      "~ALL"
                    ]
                  }
                ]
              }
            ],
            "enforcement": "active",
            "etag": "W/\"38ec3db08743b7cf75340a05a742b1bf78a39ad4570b9cd3d4eb62db4916dbb8\"",
            "id": "11887532",
            "name": "branch-naming",
            "node_id": "RRS_lACqUmVwb3NpdG9yec5DtcWxzgC1Y6w",
            "repository": "iac-github",
            "rules": [
              {
                "branch_name_pattern": [
                  {
                    "name": "",
                    "negate": false,
                    "operator": "regex",
                    "pattern": "^(feat|fix|chore|docs|refactor|test|ci|build|perf|style|revert)/[a-z0-9-]+$"
                  }
                ],
                "commit_author_email_pattern": [],
                "commit_message_pattern": [],
                "committer_email_pattern": [],
                "copilot_code_review": [],
                "creation": false,
                "deletion": false,
                "file_extension_restriction": [],
                "file_path_restriction": [],
                "max_file_path_length": [],
                "max_file_size": [],
                "merge_queue": [],
                "non_fast_forward": false,
                "pull_request": [],
                "required_code_scanning": [],
                "required_deployments": [],
                "required_linear_history": false,
                "required_signatures": false,
                "required_status_checks": [],
                "tag_name_pattern": [],
                "update": false,
                "update_allows_fetch_and_merge": false
              }
            ],
            "ruleset_id": 11887532,
            "target": "branch"
          },
          "sensitive_attributes": [],
          "private": "eyJzY2hlbWFfdmVyc2lvbiI6IjEifQ==",
          "dependencies": [
            "module.base.github_repository.repository"
          ]
        },
        {
          "index_key": "iac-proxmox",
          "schema_version": 1,
          "attributes": {
            "bypass_actors": [],
            "conditions": [
              {
                "ref_name": [
                  {
                    "exclude": [
                      "~DEFAULT_BRANCH",
                      "refs/heads/renovate/*",
                      "refs/heads/release-please--*"
                    ],
                    "include": [
                      "~ALL"
                    ]
                  }
                ]
              }
            ],
            "enforcement": "active",
            "etag": "\"d09f2285c4cf5919b384aea2c1cbda4fb40d21dde8b9c36b8946dda0f34301b8\"",
            "id": "16151928",
            "name": "branch-naming",
            "node_id": "RRS_lACqUmVwb3NpdG9yec5JgjhszgD2dXg",
            "repository": "iac-proxmox",
            "rules": [
              {
                "branch_name_pattern": [
                  {
                    "name": "",
                    "negate": false,
                    "operator": "regex",
                    "pattern": "^(feat|fix|chore|docs|refactor|test|ci|build|perf|style|revert)/[a-z0-9-]+$"
                  }
                ],
                "commit_author_email_pattern": [],
                "commit_message_pattern": [],
                "committer_email_pattern": [],
                "copilot_code_review": [],
                "creation": false,
                "deletion": false,
                "file_extension_restriction": [],
                "file_path_restriction": [],
                "max_file_path_length": [],
                "max_file_size": [],
                "merge_queue": [],
                "non_fast_forward": false,
                "pull_request": [],
                "required_code_scanning": [],
                "required_deployments": [],
                "required_linear_history": false,
                "required_signatures": false,
                "required_status_checks": [],
                "tag_name_pattern": [],
                "update": false,
                "update_allows_fetch_and_merge": false
              }
            ],
            "ruleset_id": 16151928,
            "target": "branch"
          },
          "sensitive_attributes": [],
          "private": "eyJzY2hlbWFfdmVyc2lvbiI6IjEifQ==",
          "dependencies": [
            "module.base.github_repository.repository"
          ]
        },
        {
          "index_key": "reference-service-go",
          "schema_version": 1,
          "attributes": {
            "bypass_actors": [],
            "conditions": [
              {
                "ref_name": [
                  {
                    "exclude": [
                      "~DEFAULT_BRANCH",
                      "refs/heads/renovate/*",
                      "refs/heads/release-please--*"
                    ],
                    "include": [
                      "~ALL"
                    ]
                  }
                ]
              }
            ],
            "enforcement": "active",
            "etag": "W/\"876844160dea11b48e4444f157537fe3bdde7866538422a6254ec6d8d7251dfb\"",
            "id": "11713252",
            "name": "branch-naming",
            "node_id": "RRS_lACqUmVwb3NpdG9yec46uaXlzgCyuuQ",
            "repository": "reference-service-go",
            "rules": [
              {
                "branch_name_pattern": [
                  {
                    "name": "",
                    "negate": false,
                    "operator": "regex",
                    "pattern": "^(feat|fix|chore|docs|refactor|test|ci|build|perf|style|revert)/[a-z0-9-]+$"
                  }
                ],
                "commit_author_email_pattern": [],
                "commit_message_pattern": [],
                "committer_email_pattern": [],
                "copilot_code_review": [],
                "creation": false,
                "deletion": false,
                "file_extension_restriction": [],
                "file_path_restriction": [],
                "max_file_path_length": [],
                "max_file_size": [],
                "merge_queue": [],
                "non_fast_forward": false,
                "pull_request": [],
                "required_code_scanning": [],
                "required_deployments": [],
                "required_linear_history": false,
                "required_signatures": false,
                "required_status_checks": [],
                "tag_name_pattern": [],
                "update": false,
                "update_allows_fetch_and_merge": false
              }
            ],
            "ruleset_id": 11713252,
            "target": "branch"
          },
          "sensitive_attributes": [],
          "private": "eyJzY2hlbWFfdmVyc2lvbiI6IjEifQ==",
          "dependencies": [
            "module.base.github_repository.repository"
          ]
        },
        {
          "index_key": "renovate",
          "schema_version": 1,
          "attributes": {
            "bypass_actors": [],
            "conditions": [
              {
                "ref_name": [
                  {
                    "exclude": [
                      "~DEFAULT_BRANCH",
                      "refs/heads/renovate/*",
                      "refs/heads/release-please--*"
                    ],
                    "include": [
                      "~ALL"
                    ]
                  }
                ]
              }
            ],
            "enforcement": "active",
            "etag": "W/\"8fb10e3aab0acd914c29e55ab5b4ed3067415806ade14e2be5acce3fa525d054\"",
            "id": "11713132",
            "name": "branch-naming",
            "node_id": "RRS_lACqUmVwb3NpdG9yec46uly5zgCyumw",
            "repository": "renovate",
            "rules": [
              {
                "branch_name_pattern": [
                  {
                    "name": "",
                    "negate": false,
                    "operator": "regex",
                    "pattern": "^(feat|fix|chore|docs|refactor|test|ci|build|perf|style|revert)/[a-z0-9-]+$"
                  }
                ],
                "commit_author_email_pattern": [],
                "commit_message_pattern": [],
                "committer_email_pattern": [],
                "copilot_code_review": [],
                "creation": false,
                "deletion": false,
                "file_extension_restriction": [],
                "file_path_restriction": [],
                "max_file_path_length": [],
                "max_file_size": [],
                "merge_queue": [],
                "non_fast_forward": false,
                "pull_request": [],
                "required_code_scanning": [],
                "required_deployments": [],
                "required_linear_history": false,
                "required_signatures": false,
                "required_status_checks": [],
                "tag_name_pattern": [],
                "update": false,
                "update_allows_fetch_and_merge": false
              }
            ],
            "ruleset_id": 11713132,
            "target": "branch"
          },
          "sensitive_attributes": [],
          "private": "eyJzY2hlbWFfdmVyc2lvbiI6IjEifQ==",
          "dependencies": [
            "module.base.github_repository.repository"
          ]
        },
        {
          "index_key": "scoop-bucket",
          "schema_version": 1,
          "attributes": {
            "bypass_actors": [],
            "conditions": [
              {
                "ref_name": [
                  {
                    "exclude": [
                      "~DEFAULT_BRANCH",
                      "refs/heads/renovate/*",
                      "refs/heads/release-please--*"
                    ],
                    "include": [
                      "~ALL"
                    ]
                  }
                ]
              }
            ],
            "enforcement": "active",
            "etag": "\"1558b78868e1cf244df076917ac94d249485f19863d4695debe3237f74db65a8\"",
            "id": "15315080",
            "name": "branch-naming",
            "node_id": "RRS_lACqUmVwb3NpdG9yec5If_v2zgDpsIg",
            "repository": "scoop-bucket",
            "rules": [
              {
                "branch_name_pattern": [
                  {
                    "name": "",
                    "negate": false,
                    "operator": "regex",
                    "pattern": "^(feat|fix|chore|docs|refactor|test|ci|build|perf|style|revert)/[a-z0-9-]+$"
                  }
                ],
                "commit_author_email_pattern": [],
                "commit_message_pattern": [],
                "committer_email_pattern": [],
                "copilot_code_review": [],
                "creation": false,
                "deletion": false,
                "file_extension_restriction": [],
                "file_path_restriction": [],
                "max_file_path_length": [],
                "max_file_size": [],
                "merge_queue": [],
                "non_fast_forward": false,
                "pull_request": [],
                "required_code_scanning": [],
                "required_deployments": [],
                "required_linear_history": false,
                "required_signatures": false,
                "required_status_checks": [],
                "tag_name_pattern": [],
                "update": false,
                "update_allows_fetch_and_merge": false
              }
            ],
            "ruleset_id": 15315080,
            "target": "branch"
          },
          "sensitive_attributes": [],
          "private": "eyJzY2hlbWFfdmVyc2lvbiI6IjEifQ==",
          "dependencies": [
            "module.base.github_repository.repository"
          ]
        },
        {
          "index_key": "spectra",
          "schema_version": 1,
          "attributes": {
            "bypass_actors": [],
            "conditions": [
              {
                "ref_name": [
                  {
                    "exclude": [
                      "~DEFAULT_BRANCH",
                      "refs/heads/renovate/*",
                      "refs/heads/release-please--*"
                    ],
                    "include": [
                      "~ALL"
                    ]
                  }
                ]
              }
            ],
            "enforcement": "active",
            "etag": "W/\"047f1988776a3a154e060ad3b593803e2631fc45cce00a3573a8bc55d48fedc7\"",
            "id": "11785112",
            "name": "branch-naming",
            "node_id": "RRS_lACqUmVwb3NpdG9yec5Dk6uZzgCz05g",
            "repository": "spectra",
            "rules": [
              {
                "branch_name_pattern": [
                  {
                    "name": "",
                    "negate": false,
                    "operator": "regex",
                    "pattern": "^(feat|fix|chore|docs|refactor|test|ci|build|perf|style|revert)/[a-z0-9-]+$"
                  }
                ],
                "commit_author_email_pattern": [],
                "commit_message_pattern": [],
                "committer_email_pattern": [],
                "copilot_code_review": [],
                "creation": false,
                "deletion": false,
                "file_extension_restriction": [],
                "file_path_restriction": [],
                "max_file_path_length": [],
                "max_file_size": [],
                "merge_queue": [],
                "non_fast_forward": false,
                "pull_request": [],
                "required_code_scanning": [],
                "required_deployments": [],
                "required_linear_history": false,
                "required_signatures": false,
                "required_status_checks": [],
                "tag_name_pattern": [],
                "update": false,
                "update_allows_fetch_and_merge": false
              }
            ],
            "ruleset_id": 11785112,
            "target": "branch"
          },
          "sensitive_attributes": [],
          "private": "eyJzY2hlbWFfdmVyc2lvbiI6IjEifQ==",
          "dependencies": [
            "module.base.github_repository.repository"
          ]
        },
        {
          "index_key": "testastic",
          "schema_version": 1,
          "attributes": {
            "bypass_actors": [],
            "conditions": [
              {
                "ref_name": [
                  {
                    "exclude": [
                      "~DEFAULT_BRANCH",
                      "refs/heads/renovate/*",
                      "refs/heads/release-please--*"
                    ],
                    "include": [
                      "~ALL"
                    ]
                  }
                ]
              }
            ],
            "enforcement": "active",
            "etag": "W/\"810140cf71f5d408e2130638d9dfc871d1b86c9f5e3ea3a025b357a3c7ca9b5f\"",
            "id": "11713251",
            "name": "branch-naming",
            "node_id": "RRS_lACqUmVwb3NpdG9yec5CfPiSzgCyuuM",
            "repository": "testastic",
            "rules": [
              {
                "branch_name_pattern": [
                  {
                    "name": "",
                    "negate": false,
                    "operator": "regex",
                    "pattern": "^(feat|fix|chore|docs|refactor|test|ci|build|perf|style|revert)/[a-z0-9-]+$"
                  }
                ],
                "commit_author_email_pattern": [],
                "commit_message_pattern": [],
                "committer_email_pattern": [],
                "copilot_code_review": [],
                "creation": false,
                "deletion": false,
                "file_extension_restriction": [],
                "file_path_restriction": [],
                "max_file_path_length": [],
                "max_file_size": [],
                "merge_queue": [],
                "non_fast_forward": false,
                "pull_request": [],
                "required_code_scanning": [],
                "required_deployments": [],
                "required_linear_history": false,
                "required_signatures": false,
                "required_status_checks": [],
                "tag_name_pattern": [],
                "update": false,
                "update_allows_fetch_and_merge": false
              }
            ],
            "ruleset_id": 11713251,
            "target": "branch"
          },
          "sensitive_attributes": [],
          "private": "eyJzY2hlbWFfdmVyc2lvbiI6IjEifQ==",
          "dependencies": [
            "module.base.github_repository.repository"
          ]
        },
        {
          "index_key": "vital",
          "schema_version": 1,
          "attributes": {
            "bypass_actors": [],
            "conditions": [
              {
                "ref_name": [
                  {
                    "exclude": [
                      "~DEFAULT_BRANCH",
                      "refs/heads/renovate/*",
                      "refs/heads/release-please--*"
                    ],
                    "include": [
                      "~ALL"
                    ]
                  }
                ]
              }
            ],
            "enforcement": "active",
            "etag": "W/\"c774ef0dbd9c36e51ae3bd938783d9f4e809bc1ff17f888d5f8c21884f415534\"",
            "id": "11713256",
            "name": "branch-naming",
            "node_id": "RRS_lACqUmVwb3NpdG9yec49q_ZCzgCyuug",
            "repository": "vital",
            "rules": [
              {
                "branch_name_pattern": [
                  {
                    "name": "",
                    "negate": false,
                    "operator": "regex",
                    "pattern": "^(feat|fix|chore|docs|refactor|test|ci|build|perf|style|revert)/[a-z0-9-]+$"
                  }
                ],
                "commit_author_email_pattern": [],
                "commit_message_pattern": [],
                "committer_email_pattern": [],
                "copilot_code_review": [],
                "creation": false,
                "deletion": false,
                "file_extension_restriction": [],
                "file_path_restriction": [],
                "max_file_path_length": [],
                "max_file_size": [],
                "merge_queue": [],
                "non_fast_forward": false,
                "pull_request": [],
                "required_code_scanning": [],
                "required_deployments": [],
                "required_linear_history": false,
                "required_signatures": false,
                "required_status_checks": [],
                "tag_name_pattern": [],
                "update": false,
                "update_allows_fetch_and_merge": false
              }
            ],
            "ruleset_id": 11713256,
            "target": "branch"
          },
          "sensitive_attributes": [],
          "private": "eyJzY2hlbWFfdmVyc2lvbiI6IjEifQ==",
          "dependencies": [
            "module.base.github_repository.repository"
          ]
        },
        {
          "index_key": "yeet",
          "schema_version": 1,
          "attributes": {
            "bypass_actors": [],
            "conditions": [
              {
                "ref_name": [
                  {
                    "exclude": [
                      "~DEFAULT_BRANCH",
                      "refs/heads/renovate/*",
                      "refs/heads/release-please--*"
                    ],
                    "include": [
                      "~ALL"
                    ]
                  }
                ]
              }
            ],
            "enforcement": "active",
            "etag": "W/\"b93a2edcb1d58bafaaff087339159996938ef288630a07d9f0a1574141f373be\"",
            "id": "13360128",
            "name": "branch-naming",
            "node_id": "RRS_lACqUmVwb3NpdG9yec5FthAkzgDL3AA",
            "repository": "yeet",
            "rules": [
              {
                "branch_name_pattern": [
                  {
                    "name": "",
                    "negate": false,
                    "operator": "regex",
                    "pattern": "^(feat|fix|chore|docs|refactor|test|ci|build|perf|style|revert)/[a-z0-9-]+$"
                  }
                ],
                "commit_author_email_pattern": [],
                "commit_message_pattern": [],
                "committer_email_pattern": [],
                "copilot_code_review": [],
                "creation": false,
                "deletion": false,
                "file_extension_restriction": [],
                "file_path_restriction": [],
                "max_file_path_length": [],
                "max_file_size": [],
                "merge_queue": [],
                "non_fast_forward": false,
                "pull_request": [],
                "required_code_scanning": [],
                "required_deployments": [],
                "required_linear_history": false,
                "required_signatures": false,
                "required_status_checks": [],
                "tag_name_pattern": [],
                "update": false,
                "update_allows_fetch_and_merge": false
              }
            ],
            "ruleset_id": 13360128,
            "target": "branch"
          },
          "sensitive_attributes": [],
          "private": "eyJzY2hlbWFfdmVyc2lvbiI6IjEifQ==",
          "dependencies": [
            "module.base.github_repository.repository"
          ]
        }
      ]
    },
    {
      "module": "module.base",
      "mode": "managed",
      "type": "github_repository_ruleset",
      "name": "branch_protection",
      "provider": "provider[\"registry.opentofu.org/integrations/github\"]",
      "instances": [
        {
          "index_key": "gitops",
          "schema_version": 1,
          "attributes": {
            "bypass_actors": [
              {
                "actor_id": 0,
                "actor_type": "OrganizationAdmin",
                "bypass_mode": "always"
              }
            ],
            "conditions": [
              {
                "ref_name": [
                  {
                    "exclude": [],
                    "include": [
                      "~DEFAULT_BRANCH"
                    ]
                  }
                ]
              }
            ],
            "enforcement": "active",
            "etag": "W/\"da142823c237ce97538148afb92cbcc4f903a107dc87f647bd3a42e2b31b816a\"",
            "id": "11712943",
            "name": "branch-protection",
            "node_id": "RRS_lACqUmVwb3NpdG9yec47e2cFzgCyua8",
            "repository": "gitops",
            "rules": [
              {
                "branch_name_pattern": [],
                "commit_author_email_pattern": [],
                "commit_message_pattern": [],
                "committer_email_pattern": [],
                "copilot_code_review": [],
                "creation": false,
                "deletion": true,
                "file_extension_restriction": [],
                "file_path_restriction": [],
                "max_file_path_length": [],
                "max_file_size": [],
                "merge_queue": [],
                "non_fast_forward": true,
                "pull_request": [
                  {
                    "allowed_merge_methods": [],
                    "dismiss_stale_reviews_on_push": true,
                    "require_code_owner_review": false,
                    "require_last_push_approval": false,
                    "required_approving_review_count": 0,
                    "required_review_thread_resolution": true,
                    "required_reviewers": []
                  }
                ],
                "required_code_scanning": [],
                "required_deployments": [],
                "required_linear_history": true,
                "required_signatures": false,
                "required_status_checks": [],
                "tag_name_pattern": [],
                "update": false,
                "update_allows_fetch_and_merge": false
              }
            ],
            "ruleset_id": 11712943,
            "target": "branch"
          },
          "sensitive_attributes": [],
          "private": "eyJzY2hlbWFfdmVyc2lvbiI6IjEifQ==",
          "dependencies": [
            "module.base.github_repository.repository"
          ]
        },
        {
          "index_key": "gitops-local",
          "schema_version": 1,
          "attributes": {
            "bypass_actors": [
              {
                "actor_id": 0,
                "actor_type": "OrganizationAdmin",
                "bypass_mode": "always"
              }
            ],
            "conditions": [
              {
                "ref_name": [
                  {
                    "exclude": [],
                    "include": [
                      "~DEFAULT_BRANCH"
                    ]
                  }
                ]
              }
            ],
            "enforcement": "active",
            "etag": "W/\"bdbe29292035044447470dc0a48c3cf59ecd41c2768b1f8c9c78b00f2ab52665\"",
            "id": "11713050",
            "name": "branch-protection",
            "node_id": "RRS_lACqUmVwb3NpdG9yec5CcU0izgCyuho",
            "repository": "gitops-local",
            "rules": [
              {
                "branch_name_pattern": [],
                "commit_author_email_pattern": [],
                "commit_message_pattern": [],
                "committer_email_pattern": [],
                "copilot_code_review": [],
                "creation": false,
                "deletion": true,
                "file_extension_restriction": [],
                "file_path_restriction": [],
                "max_file_path_length": [],
                "max_file_size": [],
                "merge_queue": [],
                "non_fast_forward": true,
                "pull_request": [
                  {
                    "allowed_merge_methods": [],
                    "dismiss_stale_reviews_on_push": true,
                    "require_code_owner_review": false,
                    "require_last_push_approval": false,
                    "required_approving_review_count": 0,
                    "required_review_thread_resolution": true,
                    "required_reviewers": []
                  }
                ],
                "required_code_scanning": [],
                "required_deployments": [],
                "required_linear_history": true,
                "required_signatures": false,
                "required_status_checks": [],
                "tag_name_pattern": [],
                "update": false,
                "update_allows_fetch_and_merge": false
              }
            ],
            "ruleset_id": 11713050,
            "target": "branch"
          },
          "sensitive_attributes": [],
          "private": "eyJzY2hlbWFfdmVyc2lvbiI6IjEifQ==",
          "dependencies": [
            "module.base.github_repository.repository"
          ]
        },
        {
          "index_key": "homebrew-tap",
          "schema_version": 1,
          "attributes": {
            "bypass_actors": [
              {
                "actor_id": 0,
                "actor_type": "OrganizationAdmin",
                "bypass_mode": "always"
              }
            ],
            "conditions": [
              {
                "ref_name": [
                  {
                    "exclude": [],
                    "include": [
                      "~DEFAULT_BRANCH"
                    ]
                  }
                ]
              }
            ],
            "enforcement": "active",
            "etag": "W/\"d5b0a92483ebca86ca6a8e17cdb6e2205d235537352724b4b0d8dbb75f9e2791\"",
            "id": "14249646",
            "name": "branch-protection",
            "node_id": "RRS_lACqUmVwb3NpdG9yec5G7dsAzgDZbq4",
            "repository": "homebrew-tap",
            "rules": [
              {
                "branch_name_pattern": [],
                "commit_author_email_pattern": [],
                "commit_message_pattern": [],
                "committer_email_pattern": [],
                "copilot_code_review": [],
                "creation": false,
                "deletion": true,
                "file_extension_restriction": [],
                "file_path_restriction": [],
                "max_file_path_length": [],
                "max_file_size": [],
                "merge_queue": [],
                "non_fast_forward": true,
                "pull_request": [
                  {
                    "allowed_merge_methods": [],
                    "dismiss_stale_reviews_on_push": true,
                    "require_code_owner_review": false,
                    "require_last_push_approval": false,
                    "required_approving_review_count": 0,
                    "required_review_thread_resolution": true,
                    "required_reviewers": []
                  }
                ],
                "required_code_scanning": [],
                "required_deployments": [],
                "required_linear_history": true,
                "required_signatures": false,
                "required_status_checks": [
                  {
                    "do_not_enforce_on_create": false,
                    "required_check": [
                      {
                        "context": "cask-audit",
                        "integration_id": 0
                      }
                    ],
                    "strict_required_status_checks_policy": false
                  }
                ],
                "tag_name_pattern": [],
                "update": false,
                "update_allows_fetch_and_merge": false
              }
            ],
            "ruleset_id": 14249646,
            "target": "branch"
          },
          "sensitive_attributes": [],
          "private": "eyJzY2hlbWFfdmVyc2lvbiI6IjEifQ==",
          "dependencies": [
            "module.base.github_repository.repository"
          ]
        },
        {
          "index_key": "iac",
          "schema_version": 1,
          "attributes": {
            "bypass_actors": [
              {
                "actor_id": 0,
                "actor_type": "OrganizationAdmin",
                "bypass_mode": "always"
              }
            ],
            "conditions": [
              {
                "ref_name": [
                  {
                    "exclude": [],
                    "include": [
                      "~DEFAULT_BRANCH"
                    ]
                  }
                ]
              }
            ],
            "enforcement": "active",
            "etag": "W/\"4e93a69755b294f8e85dcbec3e4f6f7751e9885e653fb0d7741e83e85c559287\"",
            "id": "11713170",
            "name": "branch-protection",
            "node_id": "RRS_lACqUmVwb3NpdG9yec45MFx8zgCyupI",
            "repository": "iac",
            "rules": [
              {
                "branch_name_pattern": [],
                "commit_author_email_pattern": [],
                "commit_message_pattern": [],
                "committer_email_pattern": [],
                "copilot_code_review": [],
                "creation": false,
                "deletion": true,
                "file_extension_restriction": [],
                "file_path_restriction": [],
                "max_file_path_length": [],
                "max_file_size": [],
                "merge_queue": [],
                "non_fast_forward": true,
                "pull_request": [
                  {
                    "allowed_merge_methods": [],
                    "dismiss_stale_reviews_on_push": true,
                    "require_code_owner_review": false,
                    "require_last_push_approval": false,
                    "required_approving_review_count": 0,
                    "required_review_thread_resolution": true,
                    "required_reviewers": []
                  }
                ],
                "required_code_scanning": [],
                "required_deployments": [],
                "required_linear_history": true,
                "required_signatures": false,
                "required_status_checks": [],
                "tag_name_pattern": [],
                "update": false,
                "update_allows_fetch_and_merge": false
              }
            ],
            "ruleset_id": 11713170,
            "target": "branch"
          },
          "sensitive_attributes": [],
          "private": "eyJzY2hlbWFfdmVyc2lvbiI6IjEifQ==",
          "dependencies": [
            "module.base.github_repository.repository"
          ]
        },
        {
          "index_key": "iac-github",
          "schema_version": 1,
          "attributes": {
            "bypass_actors": [
              {
                "actor_id": 0,
                "actor_type": "OrganizationAdmin",
                "bypass_mode": "always"
              }
            ],
            "conditions": [
              {
                "ref_name": [
                  {
                    "exclude": [],
                    "include": [
                      "~DEFAULT_BRANCH"
                    ]
                  }
                ]
              }
            ],
            "enforcement": "active",
            "etag": "W/\"a36f97e4e10cbf4e75c5028199368cb05e6be58218235204efe9a619dbbfde88\"",
            "id": "11887531",
            "name": "branch-protection",
            "node_id": "RRS_lACqUmVwb3NpdG9yec5DtcWxzgC1Y6s",
            "repository": "iac-github",
            "rules": [
              {
                "branch_name_pattern": [],
                "commit_author_email_pattern": [],
                "commit_message_pattern": [],
                "committer_email_pattern": [],
                "copilot_code_review": [],
                "creation": false,
                "deletion": true,
                "file_extension_restriction": [],
                "file_path_restriction": [],
                "max_file_path_length": [],
                "max_file_size": [],
                "merge_queue": [],
                "non_fast_forward": true,
                "pull_request": [
                  {
                    "allowed_merge_methods": [],
                    "dismiss_stale_reviews_on_push": true,
                    "require_code_owner_review": false,
                    "require_last_push_approval": false,
                    "required_approving_review_count": 0,
                    "required_review_thread_resolution": true,
                    "required_reviewers": []
                  }
                ],
                "required_code_scanning": [],
                "required_deployments": [],
                "required_linear_history": true,
                "required_signatures": false,
                "required_status_checks": [
                  {
                    "do_not_enforce_on_create": false,
                    "required_check": [
                      {
                        "context": "ci",
                        "integration_id": 0
                      }
                    ],
                    "strict_required_status_checks_policy": false
                  }
                ],
                "tag_name_pattern": [],
                "update": false,
                "update_allows_fetch_and_merge": false
              }
            ],
            "ruleset_id": 11887531,
            "target": "branch"
          },
          "sensitive_attributes": [],
          "private": "eyJzY2hlbWFfdmVyc2lvbiI6IjEifQ==",
          "dependencies": [
            "module.base.github_repository.repository"
          ]
        },
        {
          "index_key": "iac-proxmox",
          "schema_version": 1,
          "attributes": {
            "bypass_actors": [
              {
                "actor_id": 0,
                "actor_type": "OrganizationAdmin",
                "bypass_mode": "always"
              }
            ],
            "conditions": [
              {
                "ref_name": [
                  {
                    "exclude": [],
                    "include": [
                      "~DEFAULT_BRANCH"
                    ]
                  }
                ]
              }
            ],
            "enforcement": "active",
            "etag": "\"97c93bb5b45769d3c4a09a4f0363266465b95e6c10939579daebe92dd51e4aa6\"",
            "id": "16151933",
            "name": "branch-protection",
            "node_id": "RRS_lACqUmVwb3NpdG9yec5JgjhszgD2dX0",
            "repository": "iac-proxmox",
            "rules": [
              {
                "branch_name_pattern": [],
                "commit_author_email_pattern": [],
                "commit_message_pattern": [],
                "committer_email_pattern": [],
                "copilot_code_review": [],
                "creation": false,
                "deletion": true,
                "file_extension_restriction": [],
                "file_path_restriction": [],
                "max_file_path_length": [],
                "max_file_size": [],
                "merge_queue": [],
                "non_fast_forward": true,
                "pull_request": [
                  {
                    "allowed_merge_methods": [
                      "merge",
                      "squash",
                      "rebase"
                    ],
                    "dismiss_stale_reviews_on_push": true,
                    "require_code_owner_review": false,
                    "require_last_push_approval": false,
                    "required_approving_review_count": 0,
                    "required_review_thread_resolution": true,
                    "required_reviewers": []
                  }
                ],
                "required_code_scanning": [],
                "required_deployments": [],
                "required_linear_history": true,
                "required_signatures": false,
                "required_status_checks": [],
                "tag_name_pattern": [],
                "update": false,
                "update_allows_fetch_and_merge": false
              }
            ],
            "ruleset_id": 16151933,
            "target": "branch"
          },
          "sensitive_attributes": [],
          "private": "eyJzY2hlbWFfdmVyc2lvbiI6IjEifQ==",
          "dependencies": [
            "module.base.github_repository.repository"
          ]
        },
        {
          "index_key": "reference-service-go",
          "schema_version": 1,
          "attributes": {
            "bypass_actors": [
              {
                "actor_id": 0,
                "actor_type": "OrganizationAdmin",
                "bypass_mode": "always"
              }
            ],
            "conditions": [
              {
                "ref_name": [
                  {
                    "exclude": [],
                    "include": [
                      "~DEFAULT_BRANCH"
                    ]
                  }
                ]
              }
            ],
            "enforcement": "active",
            "etag": "W/\"d3f6ca7ec5b73cbecb0e19f234b9d250227cf31304f00a9b67bbce25dda52498\"",
            "id": "11713253",
            "name": "branch-protection",
            "node_id": "RRS_lACqUmVwb3NpdG9yec46uaXlzgCyuuU",
            "repository": "reference-service-go",
            "rules": [
              {
                "branch_name_pattern": [],
                "commit_author_email_pattern": [],
                "commit_message_pattern": [],
                "committer_email_pattern": [],
                "copilot_code_review": [],
                "creation": false,
                "deletion": true,
                "file_extension_restriction": [],
                "file_path_restriction": [],
                "max_file_path_length": [],
                "max_file_size": [],
                "merge_queue": [],
                "non_fast_forward": true,
                "pull_request": [
                  {
                    "allowed_merge_methods": [],
                    "dismiss_stale_reviews_on_push": true,
                    "require_code_owner_review": false,
                    "require_last_push_approval": false,
                    "required_approving_review_count": 0,
                    "required_review_thread_resolution": true,
                    "required_reviewers": []
                  }
                ],
                "required_code_scanning": [],
                "required_deployments": [],
                "required_linear_history": true,
                "required_signatures": false,
                "required_status_checks": [],
                "tag_name_pattern": [],
                "update": false,
                "update_allows_fetch_and_merge": false
              }
            ],
            "ruleset_id": 11713253,
            "target": "branch"
          },
          "sensitive_attributes": [],
          "private": "eyJzY2hlbWFfdmVyc2lvbiI6IjEifQ==",
          "dependencies": [
            "module.base.github_repository.repository"
          ]
        },
        {
          "index_key": "renovate",
          "schema_version": 1,
          "attributes": {
            "bypass_actors": [
              {
                "actor_id": 0,
                "actor_type": "OrganizationAdmin",
                "bypass_mode": "always"
              }
            ],
            "conditions": [
              {
                "ref_name": [
                  {
                    "exclude": [],
                    "include": [
                      "~DEFAULT_BRANCH"
                    ]
                  }
                ]
              }
            ],
            "enforcement": "active",
            "etag": "W/\"311df292acf36c9be4039a95ecf27a14298a016d48e3bbaa5a1111a2101fc212\"",
            "id": "11712920",
            "name": "branch-protection",
            "node_id": "RRS_lACqUmVwb3NpdG9yec46uly5zgCyuZg",
            "repository": "renovate",
            "rules": [
              {
                "branch_name_pattern": [],
                "commit_author_email_pattern": [],
                "commit_message_pattern": [],
                "committer_email_pattern": [],
                "copilot_code_review": [],
                "creation": false,
                "deletion": true,
                "file_extension_restriction": [],
                "file_path_restriction": [],
                "max_file_path_length": [],
                "max_file_size": [],
                "merge_queue": [],
                "non_fast_forward": true,
                "pull_request": [
                  {
                    "allowed_merge_methods": [],
                    "dismiss_stale_reviews_on_push": true,
                    "require_code_owner_review": false,
                    "require_last_push_approval": false,
                    "required_approving_review_count": 0,
                    "required_review_thread_resolution": true,
                    "required_reviewers": []
                  }
                ],
                "required_code_scanning": [],
                "required_deployments": [],
                "required_linear_history": true,
                "required_signatures": false,
                "required_status_checks": [],
                "tag_name_pattern": [],
                "update": false,
                "update_allows_fetch_and_merge": false
              }
            ],
            "ruleset_id": 11712920,
            "target": "branch"
          },
          "sensitive_attributes": [],
          "private": "eyJzY2hlbWFfdmVyc2lvbiI6IjEifQ==",
          "dependencies": [
            "module.base.github_repository.repository"
          ]
        },
        {
          "index_key": "scoop-bucket",
          "schema_version": 1,
          "attributes": {
            "bypass_actors": [
              {
                "actor_id": 0,
                "actor_type": "OrganizationAdmin",
                "bypass_mode": "always"
              }
            ],
            "conditions": [
              {
                "ref_name": [
                  {
                    "exclude": [],
                    "include": [
                      "~DEFAULT_BRANCH"
                    ]
                  }
                ]
              }
            ],
            "enforcement": "active",
            "etag": "\"09faef1eb558f8455b8b97973e074ae1f9012bab49bd46e8330107586cb76226\"",
            "id": "15315085",
            "name": "branch-protection",
            "node_id": "RRS_lACqUmVwb3NpdG9yec5If_v2zgDpsI0",
            "repository": "scoop-bucket",
            "rules": [
              {
                "branch_name_pattern": [],
                "commit_author_email_pattern": [],
                "commit_message_pattern": [],
                "committer_email_pattern": [],
                "copilot_code_review": [],
                "creation": false,
                "deletion": true,
                "file_extension_restriction": [],
                "file_path_restriction": [],
                "max_file_path_length": [],
                "max_file_size": [],
                "merge_queue": [],
                "non_fast_forward": true,
                "pull_request": [
                  {
                    "allowed_merge_methods": [
                      "merge",
                      "squash",
                      "rebase"
                    ],
                    "dismiss_stale_reviews_on_push": true,
                    "require_code_owner_review": false,
                    "require_last_push_approval": false,
                    "required_approving_review_count": 0,
                    "required_review_thread_resolution": true,
                    "required_reviewers": []
                  }
                ],
                "required_code_scanning": [],
                "required_deployments": [],
                "required_linear_history": true,
                "required_signatures": false,
                "required_status_checks": [
                  {
                    "do_not_enforce_on_create": false,
                    "required_check": [
                      {
                        "context": "test-powershell",
                        "integration_id": 0
                      },
                      {
                        "context": "test-pwsh",
                        "integration_id": 0
                      }
                    ],
                    "strict_required_status_checks_policy": false
                  }
                ],
                "tag_name_pattern": [],
                "update": false,
                "update_allows_fetch_and_merge": false
              }
            ],
            "ruleset_id": 15315085,
            "target": "branch"
          },
          "sensitive_attributes": [],
          "private": "eyJzY2hlbWFfdmVyc2lvbiI6IjEifQ==",
          "dependencies": [
            "module.base.github_repository.repository"
          ]
        },
        {
          "index_key": "spectra",
          "schema_version": 1,
          "attributes": {
            "bypass_actors": [
              {
                "actor_id": 0,
                "actor_type": "OrganizationAdmin",
                "bypass_mode": "always"
              }
            ],
            "conditions": [
              {
                "ref_name": [
                  {
                    "exclude": [],
                    "include": [
                      "~DEFAULT_BRANCH"
                    ]
                  }
                ]
              }
            ],
            "enforcement": "active",
            "etag": "W/\"292261b7cc5316d99d3fc3e6bb639361bb7f23d0d0637c02f2e7ac9322f29e95\"",
            "id": "11785116",
            "name": "branch-protection",
            "node_id": "RRS_lACqUmVwb3NpdG9yec5Dk6uZzgCz05w",
            "repository": "spectra",
            "rules": [
              {
                "branch_name_pattern": [],
                "commit_author_email_pattern": [],
                "commit_message_pattern": [],
                "committer_email_pattern": [],
                "copilot_code_review": [],
                "creation": false,
                "deletion": true,
                "file_extension_restriction": [],
                "file_path_restriction": [],
                "max_file_path_length": [],
                "max_file_size": [],
                "merge_queue": [],
                "non_fast_forward": true,
                "pull_request": [
                  {
                    "allowed_merge_methods": [],
                    "dismiss_stale_reviews_on_push": true,
                    "require_code_owner_review": false,
                    "require_last_push_approval": false,
                    "required_approving_review_count": 0,
                    "required_review_thread_resolution": true,
                    "required_reviewers": []
                  }
                ],
                "required_code_scanning": [],
                "required_deployments": [],
                "required_linear_history": true,
                "required_signatures": false,
                "required_status_checks": [
                  {
                    "do_not_enforce_on_create": false,
                    "required_check": [
                      {
                        "context": "lint",
                        "integration_id": 0
                      },
                      {
                        "context": "test",
                        "integration_id": 0
                      }
                    ],
                    "strict_required_status_checks_policy": false
                  }
                ],
                "tag_name_pattern": [],
                "update": false,
                "update_allows_fetch_and_merge": false
              }
            ],
            "ruleset_id": 11785116,
            "target": "branch"
          },
          "sensitive_attributes": [],
          "private": "eyJzY2hlbWFfdmVyc2lvbiI6IjEifQ==",
          "dependencies": [
            "module.base.github_repository.repository"
          ]
        },
        {
          "index_key": "testastic",
          "schema_version": 1,
          "attributes": {
            "bypass_actors": [
              {
                "actor_id": 0,
                "actor_type": "OrganizationAdmin",
                "bypass_mode": "always"
              }
            ],
            "conditions": [
              {
                "ref_name": [
                  {
                    "exclude": [],
                    "include": [
                      "~DEFAULT_BRANCH"
                    ]
                  }
                ]
              }
            ],
            "enforcement": "active",
            "etag": "W/\"3faf6d51aef53ab23f88c78f1999f32394dfa9a50060824eaad1d39f73a20c8e\"",
            "id": "11713258",
            "name": "branch-protection",
            "node_id": "RRS_lACqUmVwb3NpdG9yec5CfPiSzgCyuuo",
            "repository": "testastic",
            "rules": [
              {
                "branch_name_pattern": [],
                "commit_author_email_pattern": [],
                "commit_message_pattern": [],
                "committer_email_pattern": [],
                "copilot_code_review": [],
                "creation": false,
                "deletion": true,
                "file_extension_restriction": [],
                "file_path_restriction": [],
                "max_file_path_length": [],
                "max_file_size": [],
                "merge_queue": [],
                "non_fast_forward": true,
                "pull_request": [
                  {
                    "allowed_merge_methods": [],
                    "dismiss_stale_reviews_on_push": true,
                    "require_code_owner_review": false,
                    "require_last_push_approval": false,
                    "required_approving_review_count": 0,
                    "required_review_thread_resolution": true,
                    "required_reviewers": []
                  }
                ],
                "required_code_scanning": [],
                "required_deployments": [],
                "required_linear_history": true,
                "required_signatures": false,
                "required_status_checks": [
                  {
                    "do_not_enforce_on_create": false,
                    "required_check": [
                      {
                        "context": "lint",
                        "integration_id": 0
                      },
                      {
                        "context": "test",
                        "integration_id": 0
                      }
                    ],
                    "strict_required_status_checks_policy": false
                  }
                ],
                "tag_name_pattern": [],
                "update": false,
                "update_allows_fetch_and_merge": false
              }
            ],
            "ruleset_id": 11713258,
            "target": "branch"
          },
          "sensitive_attributes": [],
          "private": "eyJzY2hlbWFfdmVyc2lvbiI6IjEifQ==",
          "dependencies": [
            "module.base.github_repository.repository"
          ]
        },
        {
          "index_key": "vital",
          "schema_version": 1,
          "attributes": {
            "bypass_actors": [
              {
                "actor_id": 0,
                "actor_type": "OrganizationAdmin",
                "bypass_mode": "always"
              }
            ],
            "conditions": [
              {
                "ref_name": [
                  {
                    "exclude": [],
                    "include": [
                      "~DEFAULT_BRANCH"
                    ]
                  }
                ]
              }
            ],
            "enforcement": "active",
            "etag": "W/\"ced83d04f7388ea3201959f725635ddc7a17935d051d4c5294f59c42c8653fb8\"",
            "id": "11713257",
            "name": "branch-protection",
            "node_id": "RRS_lACqUmVwb3NpdG9yec49q_ZCzgCyuuk",
            "repository": "vital",
            "rules": [
              {
                "branch_name_pattern": [],
                "commit_author_email_pattern": [],
                "commit_message_pattern": [],
                "committer_email_pattern": [],
                "copilot_code_review": [],
                "creation": false,
                "deletion": true,
                "file_extension_restriction": [],
                "file_path_restriction": [],
                "max_file_path_length": [],
                "max_file_size": [],
                "merge_queue": [],
                "non_fast_forward": true,
                "pull_request": [
                  {
                    "allowed_merge_methods": [],
                    "dismiss_stale_reviews_on_push": true,
                    "require_code_owner_review": false,
                    "require_last_push_approval": false,
                    "required_approving_review_count": 0,
                    "required_review_thread_resolution": true,
                    "required_reviewers": []
                  }
                ],
                "required_code_scanning": [],
                "required_deployments": [],
                "required_linear_history": true,
                "required_signatures": false,
                "required_status_checks": [
                  {
                    "do_not_enforce_on_create": false,
                    "required_check": [
                      {
                        "context": "lint",
                        "integration_id": 0
                      },
                      {
                        "context": "test",
                        "integration_id": 0
                      }
                    ],
                    "strict_required_status_checks_policy": false
                  }
                ],
                "tag_name_pattern": [],
                "update": false,
                "update_allows_fetch_and_merge": false
              }
            ],
            "ruleset_id": 11713257,
            "target": "branch"
          },
          "sensitive_attributes": [],
          "private": "eyJzY2hlbWFfdmVyc2lvbiI6IjEifQ==",
          "dependencies": [
            "module.base.github_repository.repository"
          ]
        },
        {
          "index_key": "yeet",
          "schema_version": 1,
          "attributes": {
            "bypass_actors": [
              {
                "actor_id": 0,
                "actor_type": "OrganizationAdmin",
                "bypass_mode": "always"
              }
            ],
            "conditions": [
              {
                "ref_name": [
                  {
                    "exclude": [],
                    "include": [
                      "~DEFAULT_BRANCH"
                    ]
                  }
                ]
              }
            ],
            "enforcement": "active",
            "etag": "W/\"10ba234d60dd833589517ba66105037a33f3773abc713399e3b75aaba6dfc81a\"",
            "id": "13360130",
            "name": "branch-protection",
            "node_id": "RRS_lACqUmVwb3NpdG9yec5FthAkzgDL3AI",
            "repository": "yeet",
            "rules": [
              {
                "branch_name_pattern": [],
                "commit_author_email_pattern": [],
                "commit_message_pattern": [],
                "committer_email_pattern": [],
                "copilot_code_review": [],
                "creation": false,
                "deletion": true,
                "file_extension_restriction": [],
                "file_path_restriction": [],
                "max_file_path_length": [],
                "max_file_size": [],
                "merge_queue": [],
                "non_fast_forward": true,
                "pull_request": [
                  {
                    "allowed_merge_methods": [],
                    "dismiss_stale_reviews_on_push": true,
                    "require_code_owner_review": false,
                    "require_last_push_approval": false,
                    "required_approving_review_count": 0,
                    "required_review_thread_resolution": true,
                    "required_reviewers": []
                  }
                ],
                "required_code_scanning": [],
                "required_deployments": [],
                "required_linear_history": true,
                "required_signatures": false,
                "required_status_checks": [
                  {
                    "do_not_enforce_on_create": false,
                    "required_check": [
                      {
                        "context": "build",
                        "integration_id": 0
                      },
                      {
                        "context": "lint",
                        "integration_id": 0
                      },
                      {
                        "context": "test",
                        "integration_id": 0
                      },
                      {
                        "context": "tidy",
                        "integration_id": 0
                      }
                    ],
                    "strict_required_status_checks_policy": false
                  }
                ],
                "tag_name_pattern": [],
                "update": false,
                "update_allows_fetch_and_merge": false
              }
            ],
            "ruleset_id": 13360130,
            "target": "branch"
          },
          "sensitive_attributes": [],
          "private": "eyJzY2hlbWFfdmVyc2lvbiI6IjEifQ==",
          "dependencies": [
            "module.base.github_repository.repository"
          ]
        }
      ]
    },
    {
      "module": "module.base",
      "mode": "managed",
      "type": "github_repository_ruleset",
      "name": "conventional_commits",
      "provider": "provider[\"registry.opentofu.org/integrations/github\"]",
      "instances": [
        {
          "index_key": "gitops",
          "schema_version": 1,
          "attributes": {
            "bypass_actors": [
              {
                "actor_id": 0,
                "actor_type": "OrganizationAdmin",
                "bypass_mode": "always"
              }
            ],
            "conditions": [
              {
                "ref_name": [
                  {
                    "exclude": [],
                    "include": [
                      "~DEFAULT_BRANCH"
                    ]
                  }
                ]
              }
            ],
            "enforcement": "active",
            "etag": "W/\"e3ca8f4712a1fad7546dcfda64c83ab20ac2ec73fde6434457b3ce86b87bb0fa\"",
            "id": "11713134",
            "name": "conventional-commits",
            "node_id": "RRS_lACqUmVwb3NpdG9yec47e2cFzgCyum4",
            "repository": "gitops",
            "rules": [
              {
                "branch_name_pattern": [],
                "commit_author_email_pattern": [],
                "commit_message_pattern": [
                  {
                    "name": "",
                    "negate": false,
                    "operator": "starts_with",
                    "pattern": "(feat|fix|docs|style|refactor|test|chore|build|ci|perf|revert)(\\(.+\\))?:"
                  }
                ],
                "committer_email_pattern": [],
                "copilot_code_review": [],
                "creation": false,
                "deletion": false,
                "file_extension_restriction": [],
                "file_path_restriction": [],
                "max_file_path_length": [],
                "max_file_size": [],
                "merge_queue": [],
                "non_fast_forward": false,
                "pull_request": [],
                "required_code_scanning": [],
                "required_deployments": [],
                "required_linear_history": false,
                "required_signatures": false,
                "required_status_checks": [],
                "tag_name_pattern": [],
                "update": false,
                "update_allows_fetch_and_merge": false
              }
            ],
            "ruleset_id": 11713134,
            "target": "branch"
          },
          "sensitive_attributes": [],
          "private": "eyJzY2hlbWFfdmVyc2lvbiI6IjEifQ==",
          "dependencies": [
            "module.base.github_repository.repository"
          ]
        },
        {
          "index_key": "gitops-local",
          "schema_version": 1,
          "attributes": {
            "bypass_actors": [
              {
                "actor_id": 0,
                "actor_type": "OrganizationAdmin",
                "bypass_mode": "always"
              }
            ],
            "conditions": [
              {
                "ref_name": [
                  {
                    "exclude": [],
                    "include": [
                      "~DEFAULT_BRANCH"
                    ]
                  }
                ]
              }
            ],
            "enforcement": "active",
            "etag": "W/\"8fb57e15d639b2f32ea9a3925fa27e808b608a458cb86d1b62e7bfd2bacb5341\"",
            "id": "11713143",
            "name": "conventional-commits",
            "node_id": "RRS_lACqUmVwb3NpdG9yec5CcU0izgCyunc",
            "repository": "gitops-local",
            "rules": [
              {
                "branch_name_pattern": [],
                "commit_author_email_pattern": [],
                "commit_message_pattern": [
                  {
                    "name": "",
                    "negate": false,
                    "operator": "starts_with",
                    "pattern": "(feat|fix|docs|style|refactor|test|chore|build|ci|perf|revert)(\\(.+\\))?:"
                  }
                ],
                "committer_email_pattern": [],
                "copilot_code_review": [],
                "creation": false,
                "deletion": false,
                "file_extension_restriction": [],
                "file_path_restriction": [],
                "max_file_path_length": [],
                "max_file_size": [],
                "merge_queue": [],
                "non_fast_forward": false,
                "pull_request": [],
                "required_code_scanning": [],
                "required_deployments": [],
                "required_linear_history": false,
                "required_signatures": false,
                "required_status_checks": [],
                "tag_name_pattern": [],
                "update": false,
                "update_allows_fetch_and_merge": false
              }
            ],
            "ruleset_id": 11713143,
            "target": "branch"
          },
          "sensitive_attributes": [],
          "private": "eyJzY2hlbWFfdmVyc2lvbiI6IjEifQ==",
          "dependencies": [
            "module.base.github_repository.repository"
          ]
        },
        {
          "index_key": "homebrew-tap",
          "schema_version": 1,
          "attributes": {
            "bypass_actors": [
              {
                "actor_id": 0,
                "actor_type": "OrganizationAdmin",
                "bypass_mode": "always"
              }
            ],
            "conditions": [
              {
                "ref_name": [
                  {
                    "exclude": [],
                    "include": [
                      "~DEFAULT_BRANCH"
                    ]
                  }
                ]
              }
            ],
            "enforcement": "active",
            "etag": "W/\"5bbd0184b38e3012d8f361cd8cbfceffeeae82e3bf860f617f125ca9316f4958\"",
            "id": "14249645",
            "name": "conventional-commits",
            "node_id": "RRS_lACqUmVwb3NpdG9yec5G7dsAzgDZbq0",
            "repository": "homebrew-tap",
            "rules": [
              {
                "branch_name_pattern": [],
                "commit_author_email_pattern": [],
                "commit_message_pattern": [
                  {
                    "name": "",
                    "negate": false,
                    "operator": "starts_with",
                    "pattern": "(feat|fix|docs|style|refactor|test|chore|build|ci|perf|revert)(\\(.+\\))?:"
                  }
                ],
                "committer_email_pattern": [],
                "copilot_code_review": [],
                "creation": false,
                "deletion": false,
                "file_extension_restriction": [],
                "file_path_restriction": [],
                "max_file_path_length": [],
                "max_file_size": [],
                "merge_queue": [],
                "non_fast_forward": false,
                "pull_request": [],
                "required_code_scanning": [],
                "required_deployments": [],
                "required_linear_history": false,
                "required_signatures": false,
                "required_status_checks": [],
                "tag_name_pattern": [],
                "update": false,
                "update_allows_fetch_and_merge": false
              }
            ],
            "ruleset_id": 14249645,
            "target": "branch"
          },
          "sensitive_attributes": [],
          "private": "eyJzY2hlbWFfdmVyc2lvbiI6IjEifQ==",
          "dependencies": [
            "module.base.github_repository.repository"
          ]
        },
        {
          "index_key": "iac",
          "schema_version": 1,
          "attributes": {
            "bypass_actors": [
              {
                "actor_id": 0,
                "actor_type": "OrganizationAdmin",
                "bypass_mode": "always"
              }
            ],
            "conditions": [
              {
                "ref_name": [
                  {
                    "exclude": [],
                    "include": [
                      "~DEFAULT_BRANCH"
                    ]
                  }
                ]
              }
            ],
            "enforcement": "active",
            "etag": "W/\"70fb6536859a8b78c6563b7d222a3183d97241fc9fcf04ffcac179bf87ec9adb\"",
            "id": "11713169",
            "name": "conventional-commits",
            "node_id": "RRS_lACqUmVwb3NpdG9yec45MFx8zgCyupE",
            "repository": "iac",
            "rules": [
              {
                "branch_name_pattern": [],
                "commit_author_email_pattern": [],
                "commit_message_pattern": [
                  {
                    "name": "",
                    "negate": false,
                    "operator": "starts_with",
                    "pattern": "(feat|fix|docs|style|refactor|test|chore|build|ci|perf|revert)(\\(.+\\))?:"
                  }
                ],
                "committer_email_pattern": [],
                "copilot_code_review": [],
                "creation": false,
                "deletion": false,
                "file_extension_restriction": [],
                "file_path_restriction": [],
                "max_file_path_length": [],
                "max_file_size": [],
                "merge_queue": [],
                "non_fast_forward": false,
                "pull_request": [],
                "required_code_scanning": [],
                "required_deployments": [],
                "required_linear_history": false,
                "required_signatures": false,
                "required_status_checks": [],
                "tag_name_pattern": [],
                "update": false,
                "update_allows_fetch_and_merge": false
              }
            ],
            "ruleset_id": 11713169,
            "target": "branch"
          },
          "sensitive_attributes": [],
          "private": "eyJzY2hlbWFfdmVyc2lvbiI6IjEifQ==",
          "dependencies": [
            "module.base.github_repository.repository"
          ]
        },
        {
          "index_key": "iac-github",
          "schema_version": 1,
          "attributes": {
            "bypass_actors": [
              {
                "actor_id": 0,
                "actor_type": "OrganizationAdmin",
                "bypass_mode": "always"
              }
            ],
            "conditions": [
              {
                "ref_name": [
                  {
                    "exclude": [],
                    "include": [
                      "~DEFAULT_BRANCH"
                    ]
                  }
                ]
              }
            ],
            "enforcement": "active",
            "etag": "W/\"ce1328d9d73e67af69a9bfb49f44a8e726d51bbc993a233b01c1208bca115db7\"",
            "id": "11887533",
            "name": "conventional-commits",
            "node_id": "RRS_lACqUmVwb3NpdG9yec5DtcWxzgC1Y60",
            "repository": "iac-github",
            "rules": [
              {
                "branch_name_pattern": [],
                "commit_author_email_pattern": [],
                "commit_message_pattern": [
                  {
                    "name": "",
                    "negate": false,
                    "operator": "starts_with",
                    "pattern": "(feat|fix|docs|style|refactor|test|chore|build|ci|perf|revert)(\\(.+\\))?:"
                  }
                ],
                "committer_email_pattern": [],
                "copilot_code_review": [],
                "creation": false,
                "deletion": false,
                "file_extension_restriction": [],
                "file_path_restriction": [],
                "max_file_path_length": [],
                "max_file_size": [],
                "merge_queue": [],
                "non_fast_forward": false,
                "pull_request": [],
                "required_code_scanning": [],
                "required_deployments": [],
                "required_linear_history": false,
                "required_signatures": false,
                "required_status_checks": [],
                "tag_name_pattern": [],
                "update": false,
                "update_allows_fetch_and_merge": false
              }
            ],
            "ruleset_id": 11887533,
            "target": "branch"
          },
          "sensitive_attributes": [],
          "private": "eyJzY2hlbWFfdmVyc2lvbiI6IjEifQ==",
          "dependencies": [
            "module.base.github_repository.repository"
          ]
        },
        {
          "index_key": "iac-proxmox",
          "schema_version": 1,
          "attributes": {
            "bypass_actors": [
              {
                "actor_id": 0,
                "actor_type": "OrganizationAdmin",
                "bypass_mode": "always"
              }
            ],
            "conditions": [
              {
                "ref_name": [
                  {
                    "exclude": [],
                    "include": [
                      "~DEFAULT_BRANCH"
                    ]
                  }
                ]
              }
            ],
            "enforcement": "active",
            "etag": "\"fe4ae136e0857704e18bbbb5e391e15956d9ad0317e18075089aaa314c994435\"",
            "id": "16151931",
            "name": "conventional-commits",
            "node_id": "RRS_lACqUmVwb3NpdG9yec5JgjhszgD2dXs",
            "repository": "iac-proxmox",
            "rules": [
              {
                "branch_name_pattern": [],
                "commit_author_email_pattern": [],
                "commit_message_pattern": [
                  {
                    "name": "",
                    "negate": false,
                    "operator": "starts_with",
                    "pattern": "(feat|fix|docs|style|refactor|test|chore|build|ci|perf|revert)(\\(.+\\))?:"
                  }
                ],
                "committer_email_pattern": [],
                "copilot_code_review": [],
                "creation": false,
                "deletion": false,
                "file_extension_restriction": [],
                "file_path_restriction": [],
                "max_file_path_length": [],
                "max_file_size": [],
                "merge_queue": [],
                "non_fast_forward": false,
                "pull_request": [],
                "required_code_scanning": [],
                "required_deployments": [],
                "required_linear_history": false,
                "required_signatures": false,
                "required_status_checks": [],
                "tag_name_pattern": [],
                "update": false,
                "update_allows_fetch_and_merge": false
              }
            ],
            "ruleset_id": 16151931,
            "target": "branch"
          },
          "sensitive_attributes": [],
          "private": "eyJzY2hlbWFfdmVyc2lvbiI6IjEifQ==",
          "dependencies": [
            "module.base.github_repository.repository"
          ]
        },
        {
          "index_key": "reference-service-go",
          "schema_version": 1,
          "attributes": {
            "bypass_actors": [
              {
                "actor_id": 0,
                "actor_type": "OrganizationAdmin",
                "bypass_mode": "always"
              }
            ],
            "conditions": [
              {
                "ref_name": [
                  {
                    "exclude": [],
                    "include": [
                      "~DEFAULT_BRANCH"
                    ]
                  }
                ]
              }
            ],
            "enforcement": "active",
            "etag": "W/\"18b6360215b15e815a7217db6e5b84f6c4f2834c0b7c06f8a6477a79bbe06ef2\"",
            "id": "11713249",
            "name": "conventional-commits",
            "node_id": "RRS_lACqUmVwb3NpdG9yec46uaXlzgCyuuE",
            "repository": "reference-service-go",
            "rules": [
              {
                "branch_name_pattern": [],
                "commit_author_email_pattern": [],
                "commit_message_pattern": [
                  {
                    "name": "",
                    "negate": false,
                    "operator": "starts_with",
                    "pattern": "(feat|fix|docs|style|refactor|test|chore|build|ci|perf|revert)(\\(.+\\))?:"
                  }
                ],
                "committer_email_pattern": [],
                "copilot_code_review": [],
                "creation": false,
                "deletion": false,
                "file_extension_restriction": [],
                "file_path_restriction": [],
                "max_file_path_length": [],
                "max_file_size": [],
                "merge_queue": [],
                "non_fast_forward": false,
                "pull_request": [],
                "required_code_scanning": [],
                "required_deployments": [],
                "required_linear_history": false,
                "required_signatures": false,
                "required_status_checks": [],
                "tag_name_pattern": [],
                "update": false,
                "update_allows_fetch_and_merge": false
              }
            ],
            "ruleset_id": 11713249,
            "target": "branch"
          },
          "sensitive_attributes": [],
          "private": "eyJzY2hlbWFfdmVyc2lvbiI6IjEifQ==",
          "dependencies": [
            "module.base.github_repository.repository"
          ]
        },
        {
          "index_key": "renovate",
          "schema_version": 1,
          "attributes": {
            "bypass_actors": [
              {
                "actor_id": 0,
                "actor_type": "OrganizationAdmin",
                "bypass_mode": "always"
              }
            ],
            "conditions": [
              {
                "ref_name": [
                  {
                    "exclude": [],
                    "include": [
                      "~DEFAULT_BRANCH"
                    ]
                  }
                ]
              }
            ],
            "enforcement": "active",
            "etag": "W/\"eb2f4b314b8a0c5413440c4a1d9783567a698d1b9d33cfaf91bb85999cbe96df\"",
            "id": "11713136",
            "name": "conventional-commits",
            "node_id": "RRS_lACqUmVwb3NpdG9yec46uly5zgCyunA",
            "repository": "renovate",
            "rules": [
              {
                "branch_name_pattern": [],
                "commit_author_email_pattern": [],
                "commit_message_pattern": [
                  {
                    "name": "",
                    "negate": false,
                    "operator": "starts_with",
                    "pattern": "(feat|fix|docs|style|refactor|test|chore|build|ci|perf|revert)(\\(.+\\))?:"
                  }
                ],
                "committer_email_pattern": [],
                "copilot_code_review": [],
                "creation": false,
                "deletion": false,
                "file_extension_restriction": [],
                "file_path_restriction": [],
                "max_file_path_length": [],
                "max_file_size": [],
                "merge_queue": [],
                "non_fast_forward": false,
                "pull_request": [],
                "required_code_scanning": [],
                "required_deployments": [],
                "required_linear_history": false,
                "required_signatures": false,
                "required_status_checks": [],
                "tag_name_pattern": [],
                "update": false,
                "update_allows_fetch_and_merge": false
              }
            ],
            "ruleset_id": 11713136,
            "target": "branch"
          },
          "sensitive_attributes": [],
          "private": "eyJzY2hlbWFfdmVyc2lvbiI6IjEifQ==",
          "dependencies": [
            "module.base.github_repository.repository"
          ]
        },
        {
          "index_key": "scoop-bucket",
          "schema_version": 1,
          "attributes": {
            "bypass_actors": [
              {
                "actor_id": 0,
                "actor_type": "OrganizationAdmin",
                "bypass_mode": "always"
              }
            ],
            "conditions": [
              {
                "ref_name": [
                  {
                    "exclude": [],
                    "include": [
                      "~DEFAULT_BRANCH"
                    ]
                  }
                ]
              }
            ],
            "enforcement": "active",
            "etag": "\"795da346e22fb01948d0ddb1ed6c7b28c4ac7cb4c28ac7741092def2644029e8\"",
            "id": "15315084",
            "name": "conventional-commits",
            "node_id": "RRS_lACqUmVwb3NpdG9yec5If_v2zgDpsIw",
            "repository": "scoop-bucket",
            "rules": [
              {
                "branch_name_pattern": [],
                "commit_author_email_pattern": [],
                "commit_message_pattern": [
                  {
                    "name": "",
                    "negate": false,
                    "operator": "starts_with",
                    "pattern": "(feat|fix|docs|style|refactor|test|chore|build|ci|perf|revert)(\\(.+\\))?:"
                  }
                ],
                "committer_email_pattern": [],
                "copilot_code_review": [],
                "creation": false,
                "deletion": false,
                "file_extension_restriction": [],
                "file_path_restriction": [],
                "max_file_path_length": [],
                "max_file_size": [],
                "merge_queue": [],
                "non_fast_forward": false,
                "pull_request": [],
                "required_code_scanning": [],
                "required_deployments": [],
                "required_linear_history": false,
                "required_signatures": false,
                "required_status_checks": [],
                "tag_name_pattern": [],
                "update": false,
                "update_allows_fetch_and_merge": false
              }
            ],
            "ruleset_id": 15315084,
            "target": "branch"
          },
          "sensitive_attributes": [],
          "private": "eyJzY2hlbWFfdmVyc2lvbiI6IjEifQ==",
          "dependencies": [
            "module.base.github_repository.repository"
          ]
        },
        {
          "index_key": "spectra",
          "schema_version": 1,
          "attributes": {
            "bypass_actors": [
              {
                "actor_id": 0,
                "actor_type": "OrganizationAdmin",
                "bypass_mode": "always"
              }
            ],
            "conditions": [
              {
                "ref_name": [
                  {
                    "exclude": [],
                    "include": [
                      "~DEFAULT_BRANCH"
                    ]
                  }
                ]
              }
            ],
            "enforcement": "active",
            "etag": "W/\"8c70a1fbb8efd73585bf4d571947eb69dfaf01ba8ee96a687176da7eca8ede65\"",
            "id": "11785114",
            "name": "conventional-commits",
            "node_id": "RRS_lACqUmVwb3NpdG9yec5Dk6uZzgCz05o",
            "repository": "spectra",
            "rules": [
              {
                "branch_name_pattern": [],
                "commit_author_email_pattern": [],
                "commit_message_pattern": [
                  {
                    "name": "",
                    "negate": false,
                    "operator": "starts_with",
                    "pattern": "(feat|fix|docs|style|refactor|test|chore|build|ci|perf|revert)(\\(.+\\))?:"
                  }
                ],
                "committer_email_pattern": [],
                "copilot_code_review": [],
                "creation": false,
                "deletion": false,
                "file_extension_restriction": [],
                "file_path_restriction": [],
                "max_file_path_length": [],
                "max_file_size": [],
                "merge_queue": [],
                "non_fast_forward": false,
                "pull_request": [],
                "required_code_scanning": [],
                "required_deployments": [],
                "required_linear_history": false,
                "required_signatures": false,
                "required_status_checks": [],
                "tag_name_pattern": [],
                "update": false,
                "update_allows_fetch_and_merge": false
              }
            ],
            "ruleset_id": 11785114,
            "target": "branch"
          },
          "sensitive_attributes": [],
          "private": "eyJzY2hlbWFfdmVyc2lvbiI6IjEifQ==",
          "dependencies": [
            "module.base.github_repository.repository"
          ]
        },
        {
          "index_key": "testastic",
          "schema_version": 1,
          "attributes": {
            "bypass_actors": [
              {
                "actor_id": 0,
                "actor_type": "OrganizationAdmin",
                "bypass_mode": "always"
              }
            ],
            "conditions": [
              {
                "ref_name": [
                  {
                    "exclude": [],
                    "include": [
                      "~DEFAULT_BRANCH"
                    ]
                  }
                ]
              }
            ],
            "enforcement": "active",
            "etag": "W/\"2e1ec77657a7813f4c1576fa78bd843bb3a9bb4d0ae1b605fcf730148fee3970\"",
            "id": "11713255",
            "name": "conventional-commits",
            "node_id": "RRS_lACqUmVwb3NpdG9yec5CfPiSzgCyuuc",
            "repository": "testastic",
            "rules": [
              {
                "branch_name_pattern": [],
                "commit_author_email_pattern": [],
                "commit_message_pattern": [
                  {
                    "name": "",
                    "negate": false,
                    "operator": "starts_with",
                    "pattern": "(feat|fix|docs|style|refactor|test|chore|build|ci|perf|revert)(\\(.+\\))?:"
                  }
                ],
                "committer_email_pattern": [],
                "copilot_code_review": [],
                "creation": false,
                "deletion": false,
                "file_extension_restriction": [],
                "file_path_restriction": [],
                "max_file_path_length": [],
                "max_file_size": [],
                "merge_queue": [],
                "non_fast_forward": false,
                "pull_request": [],
                "required_code_scanning": [],
                "required_deployments": [],
                "required_linear_history": false,
                "required_signatures": false,
                "required_status_checks": [],
                "tag_name_pattern": [],
                "update": false,
                "update_allows_fetch_and_merge": false
              }
            ],
            "ruleset_id": 11713255,
            "target": "branch"
          },
          "sensitive_attributes": [],
          "private": "eyJzY2hlbWFfdmVyc2lvbiI6IjEifQ==",
          "dependencies": [
            "module.base.github_repository.repository"
          ]
        },
        {
          "index_key": "vital",
          "schema_version": 1,
          "attributes": {
            "bypass_actors": [
              {
                "actor_id": 0,
                "actor_type": "OrganizationAdmin",
                "bypass_mode": "always"
              }
            ],
            "conditions": [
              {
                "ref_name": [
                  {
                    "exclude": [],
                    "include": [
                      "~DEFAULT_BRANCH"
                    ]
                  }
                ]
              }
            ],
            "enforcement": "active",
            "etag": "W/\"6e173454679bd90cd10cd97d6b9cc9d4842637f7b4dcc4df2b16d448c657efc0\"",
            "id": "11713254",
            "name": "conventional-commits",
            "node_id": "RRS_lACqUmVwb3NpdG9yec49q_ZCzgCyuuY",
            "repository": "vital",
            "rules": [
              {
                "branch_name_pattern": [],
                "commit_author_email_pattern": [],
                "commit_message_pattern": [
                  {
                    "name": "",
                    "negate": false,
                    "operator": "starts_with",
                    "pattern": "(feat|fix|docs|style|refactor|test|chore|build|ci|perf|revert)(\\(.+\\))?:"
                  }
                ],
                "committer_email_pattern": [],
                "copilot_code_review": [],
                "creation": false,
                "deletion": false,
                "file_extension_restriction": [],
                "file_path_restriction": [],
                "max_file_path_length": [],
                "max_file_size": [],
                "merge_queue": [],
                "non_fast_forward": false,
                "pull_request": [],
                "required_code_scanning": [],
                "required_deployments": [],
                "required_linear_history": false,
                "required_signatures": false,
                "required_status_checks": [],
                "tag_name_pattern": [],
                "update": false,
                "update_allows_fetch_and_merge": false
              }
            ],
            "ruleset_id": 11713254,
            "target": "branch"
          },
          "sensitive_attributes": [],
          "private": "eyJzY2hlbWFfdmVyc2lvbiI6IjEifQ==",
          "dependencies": [
            "module.base.github_repository.repository"
          ]
        },
        {
          "index_key": "yeet",
          "schema_version": 1,
          "attributes": {
            "bypass_actors": [
              {
                "actor_id": 0,
                "actor_type": "OrganizationAdmin",
                "bypass_mode": "always"
              }
            ],
            "conditions": [
              {
                "ref_name": [
                  {
                    "exclude": [],
                    "include": [
                      "~DEFAULT_BRANCH"
                    ]
                  }
                ]
              }
            ],
            "enforcement": "active",
            "etag": "W/\"c99b801a9d26daae64b7241b3d4b86d3a9a725e874c4fe6bc81ed40118b01618\"",
            "id": "13360129",
            "name": "conventional-commits",
            "node_id": "RRS_lACqUmVwb3NpdG9yec5FthAkzgDL3AE",
            "repository": "yeet",
            "rules": [
              {
                "branch_name_pattern": [],
                "commit_author_email_pattern": [],
                "commit_message_pattern": [
                  {
                    "name": "",
                    "negate": false,
                    "operator": "starts_with",
                    "pattern": "(feat|fix|docs|style|refactor|test|chore|build|ci|perf|revert)(\\(.+\\))?:"
                  }
                ],
                "committer_email_pattern": [],
                "copilot_code_review": [],
                "creation": false,
                "deletion": false,
                "file_extension_restriction": [],
                "file_path_restriction": [],
                "max_file_path_length": [],
                "max_file_size": [],
                "merge_queue": [],
                "non_fast_forward": false,
                "pull_request": [],
                "required_code_scanning": [],
                "required_deployments": [],
                "required_linear_history": false,
                "required_signatures": false,
                "required_status_checks": [],
                "tag_name_pattern": [],
                "update": false,
                "update_allows_fetch_and_merge": false
              }
            ],
            "ruleset_id": 13360129,
            "target": "branch"
          },
          "sensitive_attributes": [],
          "private": "eyJzY2hlbWFfdmVyc2lvbiI6IjEifQ==",
          "dependencies": [
            "module.base.github_repository.repository"
          ]
        }
      ]
    },
    {
      "module": "module.base",
      "mode": "managed",
      "type": "github_repository_ruleset",
      "name": "tag_protection",
      "provider": "provider[\"registry.opentofu.org/integrations/github\"]",
      "instances": [
        {
          "index_key": "gitops",
          "schema_version": 1,
          "attributes": {
            "bypass_actors": [
              {
                "actor_id": 0,
                "actor_type": "OrganizationAdmin",
                "bypass_mode": "always"
              }
            ],
            "conditions": [
              {
                "ref_name": [
                  {
                    "exclude": [],
                    "include": [
                      "~ALL"
                    ]
                  }
                ]
              }
            ],
            "enforcement": "active",
            "etag": "\"1d8637ffa2feae51e92effe761969a1ec6b6073b2fd4a340acb461966debe534\"",
            "id": "14388365",
            "name": "tag-protection",
            "node_id": "RRS_lACqUmVwb3NpdG9yec47e2cFzgDbjI0",
            "repository": "gitops",
            "rules": [
              {
                "branch_name_pattern": [],
                "commit_author_email_pattern": [],
                "commit_message_pattern": [],
                "committer_email_pattern": [],
                "copilot_code_review": [],
                "creation": false,
                "deletion": true,
                "file_extension_restriction": [],
                "file_path_restriction": [],
                "max_file_path_length": [],
                "max_file_size": [],
                "merge_queue": [],
                "non_fast_forward": false,
                "pull_request": [],
                "required_code_scanning": [],
                "required_deployments": [],
                "required_linear_history": false,
                "required_signatures": false,
                "required_status_checks": [],
                "tag_name_pattern": [],
                "update": true,
                "update_allows_fetch_and_merge": false
              }
            ],
            "ruleset_id": 14388365,
            "target": "tag"
          },
          "sensitive_attributes": [],
          "private": "eyJzY2hlbWFfdmVyc2lvbiI6IjEifQ==",
          "dependencies": [
            "module.base.github_repository.repository"
          ]
        },
        {
          "index_key": "gitops-local",
          "schema_version": 1,
          "attributes": {
            "bypass_actors": [
              {
                "actor_id": 0,
                "actor_type": "OrganizationAdmin",
                "bypass_mode": "always"
              }
            ],
            "conditions": [
              {
                "ref_name": [
                  {
                    "exclude": [],
                    "include": [
                      "~ALL"
                    ]
                  }
                ]
              }
            ],
            "enforcement": "active",
            "etag": "\"34bee258cc5652334aa4a93d1430667d379ea4caff9a96262a23ea9c38e92300\"",
            "id": "14388370",
            "name": "tag-protection",
            "node_id": "RRS_lACqUmVwb3NpdG9yec5CcU0izgDbjJI",
            "repository": "gitops-local",
            "rules": [
              {
                "branch_name_pattern": [],
                "commit_author_email_pattern": [],
                "commit_message_pattern": [],
                "committer_email_pattern": [],
                "copilot_code_review": [],
                "creation": false,
                "deletion": true,
                "file_extension_restriction": [],
                "file_path_restriction": [],
                "max_file_path_length": [],
                "max_file_size": [],
                "merge_queue": [],
                "non_fast_forward": false,
                "pull_request": [],
                "required_code_scanning": [],
                "required_deployments": [],
                "required_linear_history": false,
                "required_signatures": false,
                "required_status_checks": [],
                "tag_name_pattern": [],
                "update": true,
                "update_allows_fetch_and_merge": false
              }
            ],
            "ruleset_id": 14388370,
            "target": "tag"
          },
          "sensitive_attributes": [],
          "private": "eyJzY2hlbWFfdmVyc2lvbiI6IjEifQ==",
          "dependencies": [
            "module.base.github_repository.repository"
          ]
        },
        {
          "index_key": "homebrew-tap",
          "schema_version": 1,
          "attributes": {
            "bypass_actors": [
              {
                "actor_id": 0,
                "actor_type": "OrganizationAdmin",
                "bypass_mode": "always"
              }
            ],
            "conditions": [
              {
                "ref_name": [
                  {
                    "exclude": [],
                    "include": [
                      "~ALL"
                    ]
                  }
                ]
              }
            ],
            "enforcement": "active",
            "etag": "\"07e905cb67665d61644588dea3f9982fbf08a1c2203a970bcc773696094643f1\"",
            "id": "14388349",
            "name": "tag-protection",
            "node_id": "RRS_lACqUmVwb3NpdG9yec5G7dsAzgDbjH0",
            "repository": "homebrew-tap",
            "rules": [
              {
                "branch_name_pattern": [],
                "commit_author_email_pattern": [],
                "commit_message_pattern": [],
                "committer_email_pattern": [],
                "copilot_code_review": [],
                "creation": false,
                "deletion": true,
                "file_extension_restriction": [],
                "file_path_restriction": [],
                "max_file_path_length": [],
                "max_file_size": [],
                "merge_queue": [],
                "non_fast_forward": false,
                "pull_request": [],
                "required_code_scanning": [],
                "required_deployments": [],
                "required_linear_history": false,
                "required_signatures": false,
                "required_status_checks": [],
                "tag_name_pattern": [],
                "update": true,
                "update_allows_fetch_and_merge": false
              }
            ],
            "ruleset_id": 14388349,
            "target": "tag"
          },
          "sensitive_attributes": [],
          "private": "eyJzY2hlbWFfdmVyc2lvbiI6IjEifQ==",
          "dependencies": [
            "module.base.github_repository.repository"
          ]
        },
        {
          "index_key": "iac",
          "schema_version": 1,
          "attributes": {
            "bypass_actors": [
              {
                "actor_id": 0,
                "actor_type": "OrganizationAdmin",
                "bypass_mode": "always"
              }
            ],
            "conditions": [
              {
                "ref_name": [
                  {
                    "exclude": [],
                    "include": [
                      "~ALL"
                    ]
                  }
                ]
              }
            ],
            "enforcement": "active",
            "etag": "\"2b411e163f432bd7185b1ced11416c13c346a093b87449991551bbeaf6dcb274\"",
            "id": "14388351",
            "name": "tag-protection",
            "node_id": "RRS_lACqUmVwb3NpdG9yec45MFx8zgDbjH8",
            "repository": "iac",
            "rules": [
              {
                "branch_name_pattern": [],
                "commit_author_email_pattern": [],
                "commit_message_pattern": [],
                "committer_email_pattern": [],
                "copilot_code_review": [],
                "creation": false,
                "deletion": true,
                "file_extension_restriction": [],
                "file_path_restriction": [],
                "max_file_path_length": [],
                "max_file_size": [],
                "merge_queue": [],
                "non_fast_forward": false,
                "pull_request": [],
                "required_code_scanning": [],
                "required_deployments": [],
                "required_linear_history": false,
                "required_signatures": false,
                "required_status_checks": [],
                "tag_name_pattern": [],
                "update": true,
                "update_allows_fetch_and_merge": false
              }
            ],
            "ruleset_id": 14388351,
            "target": "tag"
          },
          "sensitive_attributes": [],
          "private": "eyJzY2hlbWFfdmVyc2lvbiI6IjEifQ==",
          "dependencies": [
            "module.base.github_repository.repository"
          ]
        },
        {
          "index_key": "iac-github",
          "schema_version": 1,
          "attributes": {
            "bypass_actors": [
              {
                "actor_id": 0,
                "actor_type": "OrganizationAdmin",
                "bypass_mode": "always"
              }
            ],
            "conditions": [
              {
                "ref_name": [
                  {
                    "exclude": [],
                    "include": [
                      "~ALL"
                    ]
                  }
                ]
              }
            ],
            "enforcement": "active",
            "etag": "\"20c27fc14a3600ea81e1aeeff079fad26d15cd24fce6da810f9f1473fc7d1ce6\"",
            "id": "14388339",
            "name": "tag-protection",
            "node_id": "RRS_lACqUmVwb3NpdG9yec5DtcWxzgDbjHM",
            "repository": "iac-github",
            "rules": [
              {
                "branch_name_pattern": [],
                "commit_author_email_pattern": [],
                "commit_message_pattern": [],
                "committer_email_pattern": [],
                "copilot_code_review": [],
                "creation": false,
                "deletion": true,
                "file_extension_restriction": [],
                "file_path_restriction": [],
                "max_file_path_length": [],
                "max_file_size": [],
                "merge_queue": [],
                "non_fast_forward": false,
                "pull_request": [],
                "required_code_scanning": [],
                "required_deployments": [],
                "required_linear_history": false,
                "required_signatures": false,
                "required_status_checks": [],
                "tag_name_pattern": [],
                "update": true,
                "update_allows_fetch_and_merge": false
              }
            ],
            "ruleset_id": 14388339,
            "target": "tag"
          },
          "sensitive_attributes": [],
          "private": "eyJzY2hlbWFfdmVyc2lvbiI6IjEifQ==",
          "dependencies": [
            "module.base.github_repository.repository"
          ]
        },
        {
          "index_key": "iac-proxmox",
          "schema_version": 1,
          "attributes": {
            "bypass_actors": [
              {
                "actor_id": 0,
                "actor_type": "OrganizationAdmin",
                "bypass_mode": "always"
              }
            ],
            "conditions": [
              {
                "ref_name": [
                  {
                    "exclude": [],
                    "include": [
                      "~ALL"
                    ]
                  }
                ]
              }
            ],
            "enforcement": "active",
            "etag": "\"317769517f666c5c651b987f600e6bc91b3a32258c67771e992c90262197221e\"",
            "id": "16151930",
            "name": "tag-protection",
            "node_id": "RRS_lACqUmVwb3NpdG9yec5JgjhszgD2dXo",
            "repository": "iac-proxmox",
            "rules": [
              {
                "branch_name_pattern": [],
                "commit_author_email_pattern": [],
                "commit_message_pattern": [],
                "committer_email_pattern": [],
                "copilot_code_review": [],
                "creation": false,
                "deletion": true,
                "file_extension_restriction": [],
                "file_path_restriction": [],
                "max_file_path_length": [],
                "max_file_size": [],
                "merge_queue": [],
                "non_fast_forward": false,
                "pull_request": [],
                "required_code_scanning": [],
                "required_deployments": [],
                "required_linear_history": false,
                "required_signatures": false,
                "required_status_checks": [],
                "tag_name_pattern": [],
                "update": true,
                "update_allows_fetch_and_merge": false
              }
            ],
            "ruleset_id": 16151930,
            "target": "tag"
          },
          "sensitive_attributes": [],
          "private": "eyJzY2hlbWFfdmVyc2lvbiI6IjEifQ==",
          "dependencies": [
            "module.base.github_repository.repository"
          ]
        },
        {
          "index_key": "reference-service-go",
          "schema_version": 1,
          "attributes": {
            "bypass_actors": [
              {
                "actor_id": 0,
                "actor_type": "OrganizationAdmin",
                "bypass_mode": "always"
              }
            ],
            "conditions": [
              {
                "ref_name": [
                  {
                    "exclude": [],
                    "include": [
                      "~ALL"
                    ]
                  }
                ]
              }
            ],
            "enforcement": "active",
            "etag": "\"5db3ca64c272bf039bf8baa80bd38ee0825b8f28616b1d3d446282b6d4db6d40\"",
            "id": "14388340",
            "name": "tag-protection",
            "node_id": "RRS_lACqUmVwb3NpdG9yec46uaXlzgDbjHQ",
            "repository": "reference-service-go",
            "rules": [
              {
                "branch_name_pattern": [],
                "commit_author_email_pattern": [],
                "commit_message_pattern": [],
                "committer_email_pattern": [],
                "copilot_code_review": [],
                "creation": false,
                "deletion": true,
                "file_extension_restriction": [],
                "file_path_restriction": [],
                "max_file_path_length": [],
                "max_file_size": [],
                "merge_queue": [],
                "non_fast_forward": false,
                "pull_request": [],
                "required_code_scanning": [],
                "required_deployments": [],
                "required_linear_history": false,
                "required_signatures": false,
                "required_status_checks": [],
                "tag_name_pattern": [],
                "update": true,
                "update_allows_fetch_and_merge": false
              }
            ],
            "ruleset_id": 14388340,
            "target": "tag"
          },
          "sensitive_attributes": [],
          "private": "eyJzY2hlbWFfdmVyc2lvbiI6IjEifQ==",
          "dependencies": [
            "module.base.github_repository.repository"
          ]
        },
        {
          "index_key": "renovate",
          "schema_version": 1,
          "attributes": {
            "bypass_actors": [
              {
                "actor_id": 0,
                "actor_type": "OrganizationAdmin",
                "bypass_mode": "always"
              }
            ],
            "conditions": [
              {
                "ref_name": [
                  {
                    "exclude": [],
                    "include": [
                      "~ALL"
                    ]
                  }
                ]
              }
            ],
            "enforcement": "active",
            "etag": "\"86c0dba9837d75030b93ad12fe81d8a0e74cd38421c54abd67b33265339fd63b\"",
            "id": "14388345",
            "name": "tag-protection",
            "node_id": "RRS_lACqUmVwb3NpdG9yec46uly5zgDbjHk",
            "repository": "renovate",
            "rules": [
              {
                "branch_name_pattern": [],
                "commit_author_email_pattern": [],
                "commit_message_pattern": [],
                "committer_email_pattern": [],
                "copilot_code_review": [],
                "creation": false,
                "deletion": true,
                "file_extension_restriction": [],
                "file_path_restriction": [],
                "max_file_path_length": [],
                "max_file_size": [],
                "merge_queue": [],
                "non_fast_forward": false,
                "pull_request": [],
                "required_code_scanning": [],
                "required_deployments": [],
                "required_linear_history": false,
                "required_signatures": false,
                "required_status_checks": [],
                "tag_name_pattern": [],
                "update": true,
                "update_allows_fetch_and_merge": false
              }
            ],
            "ruleset_id": 14388345,
            "target": "tag"
          },
          "sensitive_attributes": [],
          "private": "eyJzY2hlbWFfdmVyc2lvbiI6IjEifQ==",
          "dependencies": [
            "module.base.github_repository.repository"
          ]
        },
        {
          "index_key": "scoop-bucket",
          "schema_version": 1,
          "attributes": {
            "bypass_actors": [
              {
                "actor_id": 0,
                "actor_type": "OrganizationAdmin",
                "bypass_mode": "always"
              }
            ],
            "conditions": [
              {
                "ref_name": [
                  {
                    "exclude": [],
                    "include": [
                      "~ALL"
                    ]
                  }
                ]
              }
            ],
            "enforcement": "active",
            "etag": "\"7cf0a669d5b1633da5c00c3271804c19197b3bdf71f105e0dac2ba0f19547c87\"",
            "id": "15315078",
            "name": "tag-protection",
            "node_id": "RRS_lACqUmVwb3NpdG9yec5If_v2zgDpsIY",
            "repository": "scoop-bucket",
            "rules": [
              {
                "branch_name_pattern": [],
                "commit_author_email_pattern": [],
                "commit_message_pattern": [],
                "committer_email_pattern": [],
                "copilot_code_review": [],
                "creation": false,
                "deletion": true,
                "file_extension_restriction": [],
                "file_path_restriction": [],
                "max_file_path_length": [],
                "max_file_size": [],
                "merge_queue": [],
                "non_fast_forward": false,
                "pull_request": [],
                "required_code_scanning": [],
                "required_deployments": [],
                "required_linear_history": false,
                "required_signatures": false,
                "required_status_checks": [],
                "tag_name_pattern": [],
                "update": true,
                "update_allows_fetch_and_merge": false
              }
            ],
            "ruleset_id": 15315078,
            "target": "tag"
          },
          "sensitive_attributes": [],
          "private": "eyJzY2hlbWFfdmVyc2lvbiI6IjEifQ==",
          "dependencies": [
            "module.base.github_repository.repository"
          ]
        },
        {
          "index_key": "spectra",
          "schema_version": 1,
          "attributes": {
            "bypass_actors": [
              {
                "actor_id": 0,
                "actor_type": "OrganizationAdmin",
                "bypass_mode": "always"
              }
            ],
            "conditions": [
              {
                "ref_name": [
                  {
                    "exclude": [],
                    "include": [
                      "~ALL"
                    ]
                  }
                ]
              }
            ],
            "enforcement": "active",
            "etag": "\"8773aa073c15438fb83ecbfd496fc7a1d5ab272824ec1666a6eac3787272728e\"",
            "id": "14388357",
            "name": "tag-protection",
            "node_id": "RRS_lACqUmVwb3NpdG9yec5Dk6uZzgDbjIU",
            "repository": "spectra",
            "rules": [
              {
                "branch_name_pattern": [],
                "commit_author_email_pattern": [],
                "commit_message_pattern": [],
                "committer_email_pattern": [],
                "copilot_code_review": [],
                "creation": false,
                "deletion": true,
                "file_extension_restriction": [],
                "file_path_restriction": [],
                "max_file_path_length": [],
                "max_file_size": [],
                "merge_queue": [],
                "non_fast_forward": false,
                "pull_request": [],
                "required_code_scanning": [],
                "required_deployments": [],
                "required_linear_history": false,
                "required_signatures": false,
                "required_status_checks": [],
                "tag_name_pattern": [],
                "update": true,
                "update_allows_fetch_and_merge": false
              }
            ],
            "ruleset_id": 14388357,
            "target": "tag"
          },
          "sensitive_attributes": [],
          "private": "eyJzY2hlbWFfdmVyc2lvbiI6IjEifQ==",
          "dependencies": [
            "module.base.github_repository.repository"
          ]
        },
        {
          "index_key": "testastic",
          "schema_version": 1,
          "attributes": {
            "bypass_actors": [
              {
                "actor_id": 0,
                "actor_type": "OrganizationAdmin",
                "bypass_mode": "always"
              }
            ],
            "conditions": [
              {
                "ref_name": [
                  {
                    "exclude": [],
                    "include": [
                      "~ALL"
                    ]
                  }
                ]
              }
            ],
            "enforcement": "active",
            "etag": "\"2261e02bbcd96df89aea3bd337476de8f5fdb190f8a2b81156777c59727dead5\"",
            "id": "14388337",
            "name": "tag-protection",
            "node_id": "RRS_lACqUmVwb3NpdG9yec5CfPiSzgDbjHE",
            "repository": "testastic",
            "rules": [
              {
                "branch_name_pattern": [],
                "commit_author_email_pattern": [],
                "commit_message_pattern": [],
                "committer_email_pattern": [],
                "copilot_code_review": [],
                "creation": false,
                "deletion": true,
                "file_extension_restriction": [],
                "file_path_restriction": [],
                "max_file_path_length": [],
                "max_file_size": [],
                "merge_queue": [],
                "non_fast_forward": false,
                "pull_request": [],
                "required_code_scanning": [],
                "required_deployments": [],
                "required_linear_history": false,
                "required_signatures": false,
                "required_status_checks": [],
                "tag_name_pattern": [],
                "update": true,
                "update_allows_fetch_and_merge": false
              }
            ],
            "ruleset_id": 14388337,
            "target": "tag"
          },
          "sensitive_attributes": [],
          "private": "eyJzY2hlbWFfdmVyc2lvbiI6IjEifQ==",
          "dependencies": [
            "module.base.github_repository.repository"
          ]
        },
        {
          "index_key": "vital",
          "schema_version": 1,
          "attributes": {
            "bypass_actors": [
              {
                "actor_id": 0,
                "actor_type": "OrganizationAdmin",
                "bypass_mode": "always"
              }
            ],
            "conditions": [
              {
                "ref_name": [
                  {
                    "exclude": [],
                    "include": [
                      "~ALL"
                    ]
                  }
                ]
              }
            ],
            "enforcement": "active",
            "etag": "\"722bfbd557fe1e8204285f5924d937b13a9cbeb782a4fcd76c66628f8b5b4813\"",
            "id": "14388343",
            "name": "tag-protection",
            "node_id": "RRS_lACqUmVwb3NpdG9yec49q_ZCzgDbjHc",
            "repository": "vital",
            "rules": [
              {
                "branch_name_pattern": [],
                "commit_author_email_pattern": [],
                "commit_message_pattern": [],
                "committer_email_pattern": [],
                "copilot_code_review": [],
                "creation": false,
                "deletion": true,
                "file_extension_restriction": [],
                "file_path_restriction": [],
                "max_file_path_length": [],
                "max_file_size": [],
                "merge_queue": [],
                "non_fast_forward": false,
                "pull_request": [],
                "required_code_scanning": [],
                "required_deployments": [],
                "required_linear_history": false,
                "required_signatures": false,
                "required_status_checks": [],
                "tag_name_pattern": [],
                "update": true,
                "update_allows_fetch_and_merge": false
              }
            ],
            "ruleset_id": 14388343,
            "target": "tag"
          },
          "sensitive_attributes": [],
          "private": "eyJzY2hlbWFfdmVyc2lvbiI6IjEifQ==",
          "dependencies": [
            "module.base.github_repository.repository"
          ]
        },
        {
          "index_key": "yeet",
          "schema_version": 1,
          "attributes": {
            "bypass_actors": [
              {
                "actor_id": 0,
                "actor_type": "OrganizationAdmin",
                "bypass_mode": "always"
              }
            ],
            "conditions": [
              {
                "ref_name": [
                  {
                    "exclude": [],
                    "include": [
                      "~ALL"
                    ]
                  }
                ]
              }
            ],
            "enforcement": "active",
            "etag": "\"db46c6cf9868ac21cfba72acaf7d1ec466551b9471d82b61c516143900548f95\"",
            "id": "14388353",
            "name": "tag-protection",
            "node_id": "RRS_lACqUmVwb3NpdG9yec5FthAkzgDbjIE",
            "repository": "yeet",
            "rules": [
              {
                "branch_name_pattern": [],
                "commit_author_email_pattern": [],
                "commit_message_pattern": [],
                "committer_email_pattern": [],
                "copilot_code_review": [],
                "creation": false,
                "deletion": true,
                "file_extension_restriction": [],
                "file_path_restriction": [],
                "max_file_path_length": [],
                "max_file_size": [],
                "merge_queue": [],
                "non_fast_forward": false,
                "pull_request": [],
                "required_code_scanning": [],
                "required_deployments": [],
                "required_linear_history": false,
                "required_signatures": false,
                "required_status_checks": [],
                "tag_name_pattern": [],
                "update": true,
                "update_allows_fetch_and_merge": false
              }
            ],
            "ruleset_id": 14388353,
            "target": "tag"
          },
          "sensitive_attributes": [],
          "private": "eyJzY2hlbWFfdmVyc2lvbiI6IjEifQ==",
          "dependencies": [
            "module.base.github_repository.repository"
          ]
        }
      ]
    },
    {
      "module": "module.base",
      "mode": "managed",
      "type": "github_workflow_repository_permissions",
      "name": "workflow_permissions",
      "provider": "provider[\"registry.opentofu.org/integrations/github\"]",
      "instances": [
        {
          "index_key": "gitops",
          "schema_version": 0,
          "attributes": {
            "can_approve_pull_request_reviews": false,
            "default_workflow_permissions": "read",
            "id": "gitops",
            "repository": "gitops"
          },
          "sensitive_attributes": [],
          "private": "bnVsbA==",
          "dependencies": [
            "module.base.github_repository.repository"
          ]
        },
        {
          "index_key": "gitops-local",
          "schema_version": 0,
          "attributes": {
            "can_approve_pull_request_reviews": false,
            "default_workflow_permissions": "read",
            "id": "gitops-local",
            "repository": "gitops-local"
          },
          "sensitive_attributes": [],
          "private": "bnVsbA==",
          "dependencies": [
            "module.base.github_repository.repository"
          ]
        },
        {
          "index_key": "gitops-mixin",
          "schema_version": 0,
          "attributes": {
            "can_approve_pull_request_reviews": false,
            "default_workflow_permissions": "read",
            "id": "gitops-mixin",
            "repository": "gitops-mixin"
          },
          "sensitive_attributes": [],
          "private": "bnVsbA==",
          "dependencies": [
            "module.base.github_repository.repository"
          ]
        },
        {
          "index_key": "homebrew-tap",
          "schema_version": 0,
          "attributes": {
            "can_approve_pull_request_reviews": false,
            "default_workflow_permissions": "read",
            "id": "homebrew-tap",
            "repository": "homebrew-tap"
          },
          "sensitive_attributes": [],
          "private": "bnVsbA==",
          "dependencies": [
            "module.base.github_repository.repository"
          ]
        },
        {
          "index_key": "iac",
          "schema_version": 0,
          "attributes": {
            "can_approve_pull_request_reviews": false,
            "default_workflow_permissions": "read",
            "id": "iac",
            "repository": "iac"
          },
          "sensitive_attributes": [],
          "private": "bnVsbA==",
          "dependencies": [
            "module.base.github_repository.repository"
          ]
        },
        {
          "index_key": "iac-github",
          "schema_version": 0,
          "attributes": {
            "can_approve_pull_request_reviews": false,
            "default_workflow_permissions": "read",
            "id": "iac-github",
            "repository": "iac-github"
          },
          "sensitive_attributes": [],
          "private": "bnVsbA==",
          "dependencies": [
            "module.base.github_repository.repository"
          ]
        },
        {
          "index_key": "iac-proxmox",
          "schema_version": 0,
          "attributes": {
            "can_approve_pull_request_reviews": false,
            "default_workflow_permissions": "read",
            "id": "iac-proxmox",
            "repository": "iac-proxmox"
          },
          "sensitive_attributes": [],
          "private": "bnVsbA==",
          "dependencies": [
            "module.base.github_repository.repository"
          ]
        },
        {
          "index_key": "reference-service-go",
          "schema_version": 0,
          "attributes": {
            "can_approve_pull_request_reviews": false,
            "default_workflow_permissions": "read",
            "id": "reference-service-go",
            "repository": "reference-service-go"
          },
          "sensitive_attributes": [],
          "private": "bnVsbA==",
          "dependencies": [
            "module.base.github_repository.repository"
          ]
        },
        {
          "index_key": "renovate",
          "schema_version": 0,
          "attributes": {
            "can_approve_pull_request_reviews": false,
            "default_workflow_permissions": "read",
            "id": "renovate",
            "repository": "renovate"
          },
          "sensitive_attributes": [],
          "private": "bnVsbA==",
          "dependencies": [
            "module.base.github_repository.repository"
          ]
        },
        {
          "index_key": "scoop-bucket",
          "schema_version": 0,
          "attributes": {
            "can_approve_pull_request_reviews": false,
            "default_workflow_permissions": "read",
            "id": "scoop-bucket",
            "repository": "scoop-bucket"
          },
          "sensitive_attributes": [],
          "private": "bnVsbA==",
          "dependencies": [
            "module.base.github_repository.repository"
          ]
        },
        {
          "index_key": "skills",
          "schema_version": 0,
          "attributes": {
            "can_approve_pull_request_reviews": false,
            "default_workflow_permissions": "read",
            "id": "skills",
            "repository": "skills"
          },
          "sensitive_attributes": [],
          "private": "bnVsbA==",
          "dependencies": [
            "module.base.github_repository.repository"
          ]
        },
        {
          "index_key": "spectra",
          "schema_version": 0,
          "attributes": {
            "can_approve_pull_request_reviews": false,
            "default_workflow_permissions": "read",
            "id": "spectra",
            "repository": "spectra"
          },
          "sensitive_attributes": [],
          "private": "bnVsbA==",
          "dependencies": [
            "module.base.github_repository.repository"
          ]
        },
        {
          "index_key": "testastic",
          "schema_version": 0,
          "attributes": {
            "can_approve_pull_request_reviews": false,
            "default_workflow_permissions": "read",
            "id": "testastic",
            "repository": "testastic"
          },
          "sensitive_attributes": [],
          "private": "bnVsbA==",
          "dependencies": [
            "module.base.github_repository.repository"
          ]
        },
        {
          "index_key": "vital",
          "schema_version": 0,
          "attributes": {
            "can_approve_pull_request_reviews": false,
            "default_workflow_permissions": "read",
            "id": "vital",
            "repository": "vital"
          },
          "sensitive_attributes": [],
          "private": "bnVsbA==",
          "dependencies": [
            "module.base.github_repository.repository"
          ]
        },
        {
          "index_key": "yeet",
          "schema_version": 0,
          "attributes": {
            "can_approve_pull_request_reviews": false,
            "default_workflow_permissions": "read",
            "id": "yeet",
            "repository": "yeet"
          },
          "sensitive_attributes": [],
          "private": "bnVsbA==",
          "dependencies": [
            "module.base.github_repository.repository"
          ]
        }
      ]
    }
  ],
  "check_results": null
}

