{"version":4,"terraform_version":"1.11.2","serial":4,"lineage":"f867959f-1c20-5657-1bcd-777cb1dec144","outputs":{"repositories":{"value":{".github":{"full_name":"monkescience/.github","html_url":"https://github.com/monkescience/.github","name":".github"}},"type":["object",{".github":["object",{"full_name":"string","html_url":"string","name":"string"}]}]}},"resources":[{"mode":"data","type":"github_organization","name":"owner","provider":"provider[\"registry.opentofu.org/hashicorp/github\"]","instances":[{"schema_version":0,"attributes":{"advanced_security_enabled_for_new_repositories":null,"default_repository_permission":null,"dependabot_alerts_enabled_for_new_repositories":null,"dependabot_security_updates_enabled_for_new_repositories":null,"dependency_graph_enabled_for_new_repositories":null,"description":"","id":"205978307","ignore_archived_repos":true,"login":"monkescience","members":null,"members_allowed_repository_creation_type":null,"members_can_create_internal_repositories":null,"members_can_create_pages":null,"members_can_create_private_pages":null,"members_can_create_private_repositories":null,"members_can_create_public_pages":null,"members_can_create_public_repositories":null,"members_can_create_repositories":null,"members_can_fork_private_repositories":null,"name":"","node_id":"O_kgDODEb6ww","orgname":"monkescience","plan":"free","repositories":null,"secret_scanning_enabled_for_new_repositories":null,"secret_scanning_push_protection_enabled_for_new_repositories":null,"summary_only":true,"two_factor_requirement_enabled":null,"users":null,"web_commit_signoff_required":null},"sensitive_attributes":[]}]},{"module":"module.base","mode":"managed","type":"github_branch_default","name":"default_branch","provider":"provider[\"registry.opentofu.org/integrations/github\"]","instances":[{"index_key":".github","schema_version":0,"attributes":{"branch":"main","etag":"W/\"a59e15f06b5fb9125431fb477c96211233b81492dc1847af8750e0e7670e4ac1\"","id":".github","rename":false,"repository":".github"},"sensitive_attributes":[],"private":"bnVsbA==","dependencies":["module.base.github_repository.repository"]}]},{"module":"module.base","mode":"managed","type":"github_branch_protection","name":"default_branch","provider":"provider[\"registry.opentofu.org/integrations/github\"]","instances":[{"index_key":".github","schema_version":2,"attributes":{"allows_deletions":false,"allows_force_pushes":false,"enforce_admins":false,"force_push_bypassers":[],"id":"BPR_kwDOQ3S6fc4EQ4dD","lock_branch":false,"pattern":"main","repository_id":"R_kgDOQ3S6fQ","require_conversation_resolution":true,"require_signed_commits":false,"required_linear_history":true,"required_pull_request_reviews":[{"dismiss_stale_reviews":true,"dismissal_restrictions":[],"pull_request_bypassers":[],"require_code_owner_reviews":false,"require_last_push_approval":false,"required_approving_review_count":0,"restrict_dismissals":false}],"required_status_checks":[],"restrict_pushes":[]},"sensitive_attributes":[],"private":"eyJzY2hlbWFfdmVyc2lvbiI6IjIifQ==","dependencies":["module.base.github_repository.repository"]}]},{"module":"module.base","mode":"managed","type":"github_repository","name":"repository","provider":"provider[\"registry.opentofu.org/integrations/github\"]","instances":[{"index_key":".github","schema_version":1,"attributes":{"allow_auto_merge":true,"allow_merge_commit":false,"allow_rebase_merge":false,"allow_squash_merge":true,"allow_update_branch":false,"archive_on_destroy":null,"archived":false,"auto_init":true,"default_branch":"main","delete_branch_on_merge":true,"description":"","etag":"W/\"a59e15f06b5fb9125431fb477c96211233b81492dc1847af8750e0e7670e4ac1\"","fork":"false","full_name":"monkescience/.github","git_clone_url":"git://github.com/monkescience/.github.git","gitignore_template":null,"has_discussions":false,"has_downloads":false,"has_issues":false,"has_projects":false,"has_wiki":false,"homepage_url":"","html_url":"https://github.com/monkescience/.github","http_clone_url":"https://github.com/monkescience/.github.git","id":".github","ignore_vulnerability_alerts_during_read":null,"is_template":false,"license_template":"mit","merge_commit_message":"PR_TITLE","merge_commit_title":"MERGE_MESSAGE","name":".github","node_id":"R_kgDOQ3S6fQ","pages":[],"primary_language":"","private":false,"repo_id":1131723389,"security_and_analysis":[{"advanced_security":[],"code_security":[],"secret_scanning":[{"status":"disabled"}],"secret_scanning_ai_detection":[],"secret_scanning_non_provider_patterns":[],"secret_scanning_push_protection":[{"status":"disabled"}]}],"source_owner":"","source_repo":"","squash_merge_commit_message":"BLANK","squash_merge_commit_title":"PR_TITLE","ssh_clone_url":"git@github.com:monkescience/.github.git","svn_url":"https://github.com/monkescience/.github","template":[],"topics":[],"visibility":"public","vulnerability_alerts":true,"web_commit_signoff_required":false},"sensitive_attributes":[],"private":"eyJzY2hlbWFfdmVyc2lvbiI6IjEifQ=="}]},{"module":"module.base","mode":"managed","type":"github_repository_ruleset","name":"branch_protection","provider":"provider[\"registry.opentofu.org/integrations/github\"]","instances":[{"index_key":".github","schema_version":1,"attributes":{"bypass_actors":[{"actor_id":0,"actor_type":"OrganizationAdmin","bypass_mode":"always"}],"conditions":[{"ref_name":[{"exclude":[],"include":["~DEFAULT_BRANCH"]}]}],"enforcement":"active","etag":"W/\"8031381158db6d0154ae0c4ef8ae3d8e02169f07da431553c241b9d064245a84\"","id":"11712627","name":"branch-protection","node_id":"RRS_lACqUmVwb3NpdG9yec5DdLp9zgCyuHM","repository":".github","rules":[{"branch_name_pattern":[],"commit_author_email_pattern":[],"commit_message_pattern":[{"name":"","negate":false,"operator":"starts_with","pattern":"(feat|fix|docs|style|refactor|test|chore|build|ci|perf|revert)(\\(.+\\))?:"}],"committer_email_pattern":[],"creation":false,"deletion":true,"file_extension_restriction":[],"file_path_restriction":[],"max_file_path_length":[],"max_file_size":[],"merge_queue":[],"non_fast_forward":true,"pull_request":[{"dismiss_stale_reviews_on_push":true,"require_code_owner_review":false,"require_last_push_approval":false,"required_approving_review_count":0,"required_review_thread_resolution":true}],"required_code_scanning":[],"required_deployments":[],"required_linear_history":true,"required_signatures":false,"required_status_checks":[],"tag_name_pattern":[],"update":false,"update_allows_fetch_and_merge":false}],"ruleset_id":11712627,"target":"branch"},"sensitive_attributes":[],"private":"eyJzY2hlbWFfdmVyc2lvbiI6IjEifQ==","dependencies":["module.base.github_repository.repository"]}]}],"check_results":null}
